// !$*UTF8*$!
{
	archiveVersion = 1;
	classes = {
	};
	objectVersion = 46;
	objects = {

/* Begin PBXBuildFile section */
		E18DE008163D8F5400869CF5 /* OpenGL.framework in Frameworks */ = {isa = PBXBuildFile; fileRef = E18DE007163D8F5400869CF5 /* OpenGL.framework */; };
		E18DE009163D8F7A00869CF5 /* Buffer.cpp in Sources */ = {isa = PBXBuildFile; fileRef = E18DDFD4163D8EED00869CF5 /* Buffer.cpp */; };
		E18DE00B163D8F7A00869CF5 /* Batch.cpp in Sources */ = {isa = PBXBuildFile; fileRef = E18DDFD6163D8EED00869CF5 /* Batch.cpp */; };
		E18DE00D163D8F7A00869CF5 /* OpenGL.cpp in Sources */ = {isa = PBXBuildFile; fileRef = E18DDFD8163D8EED00869CF5 /* OpenGL.cpp */; };
		E18DE00F163D8F7A00869CF5 /* Program.cpp in Sources */ = {isa = PBXBuildFile; fileRef = E18DDFDA163D8EED00869CF5 /* Program.cpp */; };
		E18DE011163D8F7A00869CF5 /* Texture.cpp in Sources */ = {isa = PBXBuildFile; fileRef = E18DDFDC163D8EED00869CF5 /* Texture.cpp */; };
		E18DE013163D8F7F00869CF5 /* Stream.cpp in Sources */ = {isa = PBXBuildFile; fileRef = E18DDFDF163D8EED00869CF5 /* Stream.cpp */; };
		E18DE017163D8F8700869CF5 /* math.cpp in Sources */ = {isa = PBXBuildFile; fileRef = E18DDFE6163D8EED00869CF5 /* math.cpp */; };
		E18DE018163D8F9800869CF5 /* Log.cpp in Sources */ = {isa = PBXBuildFile; fileRef = E18DDFED163D8EED00869CF5 /* Log.cpp */; };
		E18DE03A163D923000869CF5 /* fsquad.cpp in Sources */ = {isa = PBXBuildFile; fileRef = E18DE039163D923000869CF5 /* fsquad.cpp */; };
		E18DE040163D925500869CF5 /* libKapusha.a in Frameworks */ = {isa = PBXBuildFile; fileRef = E18DDFF5163D8F3A00869CF5 /* libKapusha.a */; };
		E18DE041163D925500869CF5 /* OpenGL.framework in Frameworks */ = {isa = PBXBuildFile; fileRef = E18DE007163D8F5400869CF5 /* OpenGL.framework */; };
		E18DE043163D925600869CF5 /* GLUT.framework in Frameworks */ = {isa = PBXBuildFile; fileRef = E18DE042163D925600869CF5 /* GLUT.framework */; };
		E18DE05B163D9C9A00869CF5 /* StreamFile_posix.cpp in Sources */ = {isa = PBXBuildFile; fileRef = E18DE05A163D9C9A00869CF5 /* StreamFile_posix.cpp */; };
		E18DE08F1642E81200869CF5 /* runGlut.cpp in Sources */ = {isa = PBXBuildFile; fileRef = E18DE08D1642E81200869CF5 /* runGlut.cpp */; };
		E18DE0901642E81200869CF5 /* runGlut.h in Headers */ = {isa = PBXBuildFile; fileRef = E18DE08E1642E81200869CF5 /* runGlut.h */; };
		E1E74B62164436330038E873 /* Material.cpp in Sources */ = {isa = PBXBuildFile; fileRef = E1E74B60164436330038E873 /* Material.cpp */; };
		E1E74B63164436330038E873 /* Material.h in Headers */ = {isa = PBXBuildFile; fileRef = E1E74B61164436330038E873 /* Material.h */; };
		E1E74B6A16444BBA0038E873 /* Camera.cpp in Sources */ = {isa = PBXBuildFile; fileRef = E1E74B6816444BBA0038E873 /* Camera.cpp */; };
		E1E74B6B16444BBA0038E873 /* Camera.h in Headers */ = {isa = PBXBuildFile; fileRef = E1E74B6916444BBA0038E873 /* Camera.h */; };
		E1E74B71164462670038E873 /* Object.cpp in Sources */ = {isa = PBXBuildFile; fileRef = E1E74B6F164462670038E873 /* Object.cpp */; };
		E1E74B72164462670038E873 /* Object.h in Headers */ = {isa = PBXBuildFile; fileRef = E1E74B70164462670038E873 /* Object.h */; };
		E1E74B82164596410038E873 /* flyby_static_geometry.cpp in Sources */ = {isa = PBXBuildFile; fileRef = E1E74B73164594C10038E873 /* flyby_static_geometry.cpp */; };
		E1E74B83164596910038E873 /* libKapusha.a in Frameworks */ = {isa = PBXBuildFile; fileRef = E18DDFF5163D8F3A00869CF5 /* libKapusha.a */; };
		E1E74B84164596990038E873 /* GLUT.framework in Frameworks */ = {isa = PBXBuildFile; fileRef = E18DE042163D925600869CF5 /* GLUT.framework */; };
		E1E74B851645969E0038E873 /* OpenGL.framework in Frameworks */ = {isa = PBXBuildFile; fileRef = E18DE007163D8F5400869CF5 /* OpenGL.framework */; };
		E1E74B8B1646731E0038E873 /* IViewport.cpp in Sources */ = {isa = PBXBuildFile; fileRef = E1E74B8A1646731E0038E873 /* IViewport.cpp */; };
/* End PBXBuildFile section */

/* Begin PBXCopyFilesBuildPhase section */
		E18DE034163D923000869CF5 /* CopyFiles */ = {
			isa = PBXCopyFilesBuildPhase;
			buildActionMask = 2147483647;
			dstPath = /usr/share/man/man1/;
			dstSubfolderSpec = 0;
			files = (
			);
			runOnlyForDeploymentPostprocessing = 1;
		};
		E1E74B76164595030038E873 /* CopyFiles */ = {
			isa = PBXCopyFilesBuildPhase;
			buildActionMask = 2147483647;
			dstPath = /usr/share/man/man1/;
			dstSubfolderSpec = 0;
			files = (
			);
			runOnlyForDeploymentPostprocessing = 1;
		};
/* End PBXCopyFilesBuildPhase section */

/* Begin PBXFileReference section */
		E18DDFD4163D8EED00869CF5 /* Buffer.cpp */ = {isa = PBXFileReference; lastKnownFileType = sourcecode.cpp.cpp; path = Buffer.cpp; sourceTree = "<group>"; };
		E18DDFD5163D8EED00869CF5 /* Buffer.h */ = {isa = PBXFileReference; lastKnownFileType = sourcecode.c.h; path = Buffer.h; sourceTree = "<group>"; };
		E18DDFD6163D8EED00869CF5 /* Batch.cpp */ = {isa = PBXFileReference; lastKnownFileType = sourcecode.cpp.cpp; path = Batch.cpp; sourceTree = "<group>"; };
		E18DDFD7163D8EED00869CF5 /* Batch.h */ = {isa = PBXFileReference; lastKnownFileType = sourcecode.c.h; path = Batch.h; sourceTree = "<group>"; };
		E18DDFD8163D8EED00869CF5 /* OpenGL.cpp */ = {isa = PBXFileReference; lastKnownFileType = sourcecode.cpp.cpp; path = OpenGL.cpp; sourceTree = "<group>"; };
		E18DDFD9163D8EED00869CF5 /* OpenGL.h */ = {isa = PBXFileReference; lastKnownFileType = sourcecode.c.h; path = OpenGL.h; sourceTree = "<group>"; };
		E18DDFDA163D8EED00869CF5 /* Program.cpp */ = {isa = PBXFileReference; lastKnownFileType = sourcecode.cpp.cpp; path = Program.cpp; sourceTree = "<group>"; };
		E18DDFDB163D8EED00869CF5 /* Program.h */ = {isa = PBXFileReference; lastKnownFileType = sourcecode.c.h; path = Program.h; sourceTree = "<group>"; };
		E18DDFDC163D8EED00869CF5 /* Texture.cpp */ = {isa = PBXFileReference; lastKnownFileType = sourcecode.cpp.cpp; path = Texture.cpp; sourceTree = "<group>"; };
		E18DDFDD163D8EED00869CF5 /* Texture.h */ = {isa = PBXFileReference; lastKnownFileType = sourcecode.c.h; path = Texture.h; sourceTree = "<group>"; };
		E18DDFDF163D8EED00869CF5 /* Stream.cpp */ = {isa = PBXFileReference; lastKnownFileType = sourcecode.cpp.cpp; path = Stream.cpp; sourceTree = "<group>"; };
		E18DDFE0163D8EED00869CF5 /* Stream.h */ = {isa = PBXFileReference; lastKnownFileType = sourcecode.c.h; path = Stream.h; sourceTree = "<group>"; };
		E18DDFE1163D8EED00869CF5 /* StreamFile_win.cpp */ = {isa = PBXFileReference; lastKnownFileType = sourcecode.cpp.cpp; path = StreamFile_win.cpp; sourceTree = "<group>"; };
		E18DDFE2163D8EED00869CF5 /* StreamFile_win.h */ = {isa = PBXFileReference; lastKnownFileType = sourcecode.c.h; path = StreamFile_win.h; sourceTree = "<group>"; };
		E18DDFE4163D8EED00869CF5 /* mat2.h */ = {isa = PBXFileReference; lastKnownFileType = sourcecode.c.h; path = mat2.h; sourceTree = "<group>"; };
		E18DDFE5163D8EED00869CF5 /* mat4.h */ = {isa = PBXFileReference; lastKnownFileType = sourcecode.c.h; path = mat4.h; sourceTree = "<group>"; };
		E18DDFE6163D8EED00869CF5 /* math.cpp */ = {isa = PBXFileReference; lastKnownFileType = sourcecode.cpp.cpp; path = math.cpp; sourceTree = "<group>"; };
		E18DDFE7163D8EED00869CF5 /* rect2.h */ = {isa = PBXFileReference; lastKnownFileType = sourcecode.c.h; path = rect2.h; sourceTree = "<group>"; };
		E18DDFE8163D8EED00869CF5 /* types.h */ = {isa = PBXFileReference; lastKnownFileType = sourcecode.c.h; path = types.h; sourceTree = "<group>"; };
		E18DDFE9163D8EED00869CF5 /* vec2.h */ = {isa = PBXFileReference; lastKnownFileType = sourcecode.c.h; path = vec2.h; sourceTree = "<group>"; };
		E18DDFEA163D8EED00869CF5 /* vec4.h */ = {isa = PBXFileReference; lastKnownFileType = sourcecode.c.h; path = vec4.h; sourceTree = "<group>"; };
		E18DDFEC163D8EED00869CF5 /* IViewport.h */ = {isa = PBXFileReference; lastKnownFileType = sourcecode.c.h; path = IViewport.h; sourceTree = "<group>"; };
		E18DDFED163D8EED00869CF5 /* Log.cpp */ = {isa = PBXFileReference; lastKnownFileType = sourcecode.cpp.cpp; path = Log.cpp; sourceTree = "<group>"; };
		E18DDFEE163D8EED00869CF5 /* Log.h */ = {isa = PBXFileReference; lastKnownFileType = sourcecode.c.h; path = Log.h; sourceTree = "<group>"; };
		E18DDFEF163D8EED00869CF5 /* System.h */ = {isa = PBXFileReference; lastKnownFileType = sourcecode.c.h; path = System.h; sourceTree = "<group>"; };
		E18DDFF5163D8F3A00869CF5 /* libKapusha.a */ = {isa = PBXFileReference; explicitFileType = archive.ar; includeInIndex = 0; path = libKapusha.a; sourceTree = BUILT_PRODUCTS_DIR; };
		E18DDFF8163D8F3A00869CF5 /* Cocoa.framework */ = {isa = PBXFileReference; lastKnownFileType = wrapper.framework; name = Cocoa.framework; path = System/Library/Frameworks/Cocoa.framework; sourceTree = SDKROOT; };
		E18DDFFB163D8F3B00869CF5 /* AppKit.framework */ = {isa = PBXFileReference; lastKnownFileType = wrapper.framework; name = AppKit.framework; path = System/Library/Frameworks/AppKit.framework; sourceTree = SDKROOT; };
		E18DDFFC163D8F3B00869CF5 /* CoreData.framework */ = {isa = PBXFileReference; lastKnownFileType = wrapper.framework; name = CoreData.framework; path = System/Library/Frameworks/CoreData.framework; sourceTree = SDKROOT; };
		E18DDFFD163D8F3B00869CF5 /* Foundation.framework */ = {isa = PBXFileReference; lastKnownFileType = wrapper.framework; name = Foundation.framework; path = System/Library/Frameworks/Foundation.framework; sourceTree = SDKROOT; };
		E18DE007163D8F5400869CF5 /* OpenGL.framework */ = {isa = PBXFileReference; lastKnownFileType = wrapper.framework; name = OpenGL.framework; path = Platforms/MacOSX.platform/Developer/SDKs/MacOSX10.8.sdk/System/Library/Frameworks/OpenGL.framework; sourceTree = DEVELOPER_DIR; };
		E18DE036163D923000869CF5 /* KapushaTestGLUT */ = {isa = PBXFileReference; explicitFileType = "compiled.mach-o.executable"; includeInIndex = 0; name = KapushaTestGLUT; path = kapusha_test_fullscreen_quad; sourceTree = BUILT_PRODUCTS_DIR; };
		E18DE039163D923000869CF5 /* fsquad.cpp */ = {isa = PBXFileReference; lastKnownFileType = sourcecode.cpp.cpp; path = fsquad.cpp; sourceTree = "<group>"; };
		E18DE042163D925600869CF5 /* GLUT.framework */ = {isa = PBXFileReference; lastKnownFileType = wrapper.framework; name = GLUT.framework; path = Platforms/MacOSX.platform/Developer/SDKs/MacOSX10.8.sdk/System/Library/Frameworks/GLUT.framework; sourceTree = DEVELOPER_DIR; };
		E18DE044163D9BE500869CF5 /* StreamFile_posix.h */ = {isa = PBXFileReference; lastKnownFileType = sourcecode.c.h; path = StreamFile_posix.h; sourceTree = "<group>"; };
		E18DE05A163D9C9A00869CF5 /* StreamFile_posix.cpp */ = {isa = PBXFileReference; fileEncoding = 4; lastKnownFileType = sourcecode.cpp.cpp; path = StreamFile_posix.cpp; sourceTree = "<group>"; };
		E18DE05C163D9E4600869CF5 /* StreamFile.h */ = {isa = PBXFileReference; lastKnownFileType = sourcecode.c.h; path = StreamFile.h; sourceTree = "<group>"; };
		E18DE08D1642E81200869CF5 /* runGlut.cpp */ = {isa = PBXFileReference; fileEncoding = 4; lastKnownFileType = sourcecode.cpp.cpp; path = runGlut.cpp; sourceTree = "<group>"; };
		E18DE08E1642E81200869CF5 /* runGlut.h */ = {isa = PBXFileReference; fileEncoding = 4; lastKnownFileType = sourcecode.c.h; path = runGlut.h; sourceTree = "<group>"; };
		E1E74B60164436330038E873 /* Material.cpp */ = {isa = PBXFileReference; fileEncoding = 4; lastKnownFileType = sourcecode.cpp.cpp; path = Material.cpp; sourceTree = "<group>"; };
		E1E74B61164436330038E873 /* Material.h */ = {isa = PBXFileReference; fileEncoding = 4; lastKnownFileType = sourcecode.c.h; path = Material.h; sourceTree = "<group>"; };
		E1E74B6816444BBA0038E873 /* Camera.cpp */ = {isa = PBXFileReference; fileEncoding = 4; lastKnownFileType = sourcecode.cpp.cpp; path = Camera.cpp; sourceTree = "<group>"; };
		E1E74B6916444BBA0038E873 /* Camera.h */ = {isa = PBXFileReference; fileEncoding = 4; lastKnownFileType = sourcecode.c.h; path = Camera.h; sourceTree = "<group>"; };
		E1E74B6D164454B30038E873 /* vec3.h */ = {isa = PBXFileReference; lastKnownFileType = sourcecode.c.h; path = vec3.h; sourceTree = "<group>"; };
		E1E74B6E1644551C0038E873 /* IShared.h */ = {isa = PBXFileReference; lastKnownFileType = sourcecode.c.h; path = IShared.h; sourceTree = "<group>"; };
		E1E74B6F164462670038E873 /* Object.cpp */ = {isa = PBXFileReference; fileEncoding = 4; lastKnownFileType = sourcecode.cpp.cpp; path = Object.cpp; sourceTree = "<group>"; };
		E1E74B70164462670038E873 /* Object.h */ = {isa = PBXFileReference; fileEncoding = 4; lastKnownFileType = sourcecode.c.h; path = Object.h; sourceTree = "<group>"; };
		E1E74B73164594C10038E873 /* flyby_static_geometry.cpp */ = {isa = PBXFileReference; lastKnownFileType = sourcecode.cpp.cpp; path = flyby_static_geometry.cpp; sourceTree = "<group>"; };
		E1E74B78164595030038E873 /* kapusha_test_object */ = {isa = PBXFileReference; explicitFileType = "compiled.mach-o.executable"; includeInIndex = 0; path = kapusha_test_object; sourceTree = BUILT_PRODUCTS_DIR; };
		E1E74B8A1646731E0038E873 /* IViewport.cpp */ = {isa = PBXFileReference; fileEncoding = 4; lastKnownFileType = sourcecode.cpp.cpp; path = IViewport.cpp; sourceTree = "<group>"; };
/* End PBXFileReference section */

/* Begin PBXFrameworksBuildPhase section */
		E18DDFF2163D8F3A00869CF5 /* Frameworks */ = {
			isa = PBXFrameworksBuildPhase;
			buildActionMask = 2147483647;
			files = (
				E18DE008163D8F5400869CF5 /* OpenGL.framework in Frameworks */,
			);
			runOnlyForDeploymentPostprocessing = 0;
		};
		E18DE033163D923000869CF5 /* Frameworks */ = {
			isa = PBXFrameworksBuildPhase;
			buildActionMask = 2147483647;
			files = (
				E18DE043163D925600869CF5 /* GLUT.framework in Frameworks */,
				E18DE040163D925500869CF5 /* libKapusha.a in Frameworks */,
				E18DE041163D925500869CF5 /* OpenGL.framework in Frameworks */,
			);
			runOnlyForDeploymentPostprocessing = 0;
		};
		E1E74B75164595030038E873 /* Frameworks */ = {
			isa = PBXFrameworksBuildPhase;
			buildActionMask = 2147483647;
			files = (
				E1E74B851645969E0038E873 /* OpenGL.framework in Frameworks */,
				E1E74B84164596990038E873 /* GLUT.framework in Frameworks */,
				E1E74B83164596910038E873 /* libKapusha.a in Frameworks */,
			);
			runOnlyForDeploymentPostprocessing = 0;
		};
/* End PBXFrameworksBuildPhase section */

/* Begin PBXGroup section */
		E18DDFC7163D8ED100869CF5 = {
			isa = PBXGroup;
			children = (
				E18DDFD3163D8EED00869CF5 /* gl */,
				E18DDFDE163D8EED00869CF5 /* io */,
				E18DDFE3163D8EED00869CF5 /* math */,
				E18DDFEB163D8EED00869CF5 /* sys */,
				E18DE038163D923000869CF5 /* tests */,
				E18DDFF7163D8F3A00869CF5 /* Frameworks */,
				E18DDFF6163D8F3A00869CF5 /* Products */,
			);
			sourceTree = "<group>";
		};
		E18DDFD3163D8EED00869CF5 /* gl */ = {
			isa = PBXGroup;
			children = (
				E18DDFD6163D8EED00869CF5 /* Batch.cpp */,
				E18DDFD7163D8EED00869CF5 /* Batch.h */,
				E18DDFD4163D8EED00869CF5 /* Buffer.cpp */,
				E18DDFD5163D8EED00869CF5 /* Buffer.h */,
				E1E74B6816444BBA0038E873 /* Camera.cpp */,
				E1E74B6916444BBA0038E873 /* Camera.h */,
				E1E74B60164436330038E873 /* Material.cpp */,
				E1E74B61164436330038E873 /* Material.h */,
				E1E74B6F164462670038E873 /* Object.cpp */,
				E1E74B70164462670038E873 /* Object.h */,
				E18DDFD8163D8EED00869CF5 /* OpenGL.cpp */,
				E18DDFD9163D8EED00869CF5 /* OpenGL.h */,
				E18DDFDA163D8EED00869CF5 /* Program.cpp */,
				E18DDFDB163D8EED00869CF5 /* Program.h */,
				E18DDFDC163D8EED00869CF5 /* Texture.cpp */,
				E18DDFDD163D8EED00869CF5 /* Texture.h */,
			);
			path = gl;
			sourceTree = "<group>";
		};
		E18DDFDE163D8EED00869CF5 /* io */ = {
			isa = PBXGroup;
			children = (
				E18DDFDF163D8EED00869CF5 /* Stream.cpp */,
				E18DDFE0163D8EED00869CF5 /* Stream.h */,
				E18DE05C163D9E4600869CF5 /* StreamFile.h */,
				E18DE05A163D9C9A00869CF5 /* StreamFile_posix.cpp */,
				E18DE044163D9BE500869CF5 /* StreamFile_posix.h */,
				E18DDFE1163D8EED00869CF5 /* StreamFile_win.cpp */,
				E18DDFE2163D8EED00869CF5 /* StreamFile_win.h */,
			);
			path = io;
			sourceTree = "<group>";
		};
		E18DDFE3163D8EED00869CF5 /* math */ = {
			isa = PBXGroup;
			children = (
				E18DDFE4163D8EED00869CF5 /* mat2.h */,
				E18DDFE5163D8EED00869CF5 /* mat4.h */,
				E18DDFE6163D8EED00869CF5 /* math.cpp */,
				E18DDFE7163D8EED00869CF5 /* rect2.h */,
				E18DDFE8163D8EED00869CF5 /* types.h */,
				E18DDFE9163D8EED00869CF5 /* vec2.h */,
				E1E74B6D164454B30038E873 /* vec3.h */,
				E18DDFEA163D8EED00869CF5 /* vec4.h */,
			);
			path = math;
			sourceTree = "<group>";
		};
		E18DDFEB163D8EED00869CF5 /* sys */ = {
			isa = PBXGroup;
			children = (
				E1E74B6E1644551C0038E873 /* IShared.h */,
				E1E74B8A1646731E0038E873 /* IViewport.cpp */,
				E18DDFEC163D8EED00869CF5 /* IViewport.h */,
				E18DDFED163D8EED00869CF5 /* Log.cpp */,
				E18DDFEE163D8EED00869CF5 /* Log.h */,
				E18DE08D1642E81200869CF5 /* runGlut.cpp */,
				E18DE08E1642E81200869CF5 /* runGlut.h */,
				E18DDFEF163D8EED00869CF5 /* System.h */,
			);
			path = sys;
			sourceTree = "<group>";
		};
		E18DDFF6163D8F3A00869CF5 /* Products */ = {
			isa = PBXGroup;
			children = (
				E18DDFF5163D8F3A00869CF5 /* libKapusha.a */,
				E18DE036163D923000869CF5 /* KapushaTestGLUT */,
				E1E74B78164595030038E873 /* kapusha_test_object */,
			);
			name = Products;
			sourceTree = "<group>";
		};
		E18DDFF7163D8F3A00869CF5 /* Frameworks */ = {
			isa = PBXGroup;
			children = (
				E18DE042163D925600869CF5 /* GLUT.framework */,
				E18DE007163D8F5400869CF5 /* OpenGL.framework */,
				E18DDFF8163D8F3A00869CF5 /* Cocoa.framework */,
				E18DDFFA163D8F3A00869CF5 /* Other Frameworks */,
			);
			name = Frameworks;
			sourceTree = "<group>";
		};
		E18DDFFA163D8F3A00869CF5 /* Other Frameworks */ = {
			isa = PBXGroup;
			children = (
				E18DDFFB163D8F3B00869CF5 /* AppKit.framework */,
				E18DDFFC163D8F3B00869CF5 /* CoreData.framework */,
				E18DDFFD163D8F3B00869CF5 /* Foundation.framework */,
			);
			name = "Other Frameworks";
			sourceTree = "<group>";
		};
		E18DE038163D923000869CF5 /* tests */ = {
			isa = PBXGroup;
			children = (
				E18DE039163D923000869CF5 /* fsquad.cpp */,
				E1E74B73164594C10038E873 /* flyby_static_geometry.cpp */,
			);
			path = tests;
			sourceTree = "<group>";
		};
/* End PBXGroup section */

/* Begin PBXHeadersBuildPhase section */
		E18DDFF3163D8F3A00869CF5 /* Headers */ = {
			isa = PBXHeadersBuildPhase;
			buildActionMask = 2147483647;
			files = (
				E18DE0901642E81200869CF5 /* runGlut.h in Headers */,
				E1E74B63164436330038E873 /* Material.h in Headers */,
				E1E74B6B16444BBA0038E873 /* Camera.h in Headers */,
				E1E74B72164462670038E873 /* Object.h in Headers */,
			);
			runOnlyForDeploymentPostprocessing = 0;
		};
/* End PBXHeadersBuildPhase section */

/* Begin PBXNativeTarget section */
		E18DDFF4163D8F3A00869CF5 /* Kapusha */ = {
			isa = PBXNativeTarget;
			buildConfigurationList = E18DE004163D8F3B00869CF5 /* Build configuration list for PBXNativeTarget "Kapusha" */;
			buildPhases = (
				E18DDFF1163D8F3A00869CF5 /* Sources */,
				E18DDFF2163D8F3A00869CF5 /* Frameworks */,
				E18DDFF3163D8F3A00869CF5 /* Headers */,
			);
			buildRules = (
			);
			dependencies = (
			);
			name = Kapusha;
			productName = Kapusha;
			productReference = E18DDFF5163D8F3A00869CF5 /* libKapusha.a */;
			productType = "com.apple.product-type.library.static";
		};
		E18DE035163D923000869CF5 /* kapusha_test_fullscreen_quad */ = {
			isa = PBXNativeTarget;
			buildConfigurationList = E18DE03D163D923000869CF5 /* Build configuration list for PBXNativeTarget "kapusha_test_fullscreen_quad" */;
			buildPhases = (
				E18DE032163D923000869CF5 /* Sources */,
				E18DE033163D923000869CF5 /* Frameworks */,
				E18DE034163D923000869CF5 /* CopyFiles */,
			);
			buildRules = (
			);
			dependencies = (
			);
			name = kapusha_test_fullscreen_quad;
			productName = KapushaTestGLUT;
			productReference = E18DE036163D923000869CF5 /* KapushaTestGLUT */;
			productType = "com.apple.product-type.tool";
		};
		E1E74B77164595030038E873 /* kapusha_test_object */ = {
			isa = PBXNativeTarget;
			buildConfigurationList = E1E74B7F164595030038E873 /* Build configuration list for PBXNativeTarget "kapusha_test_object" */;
			buildPhases = (
				E1E74B74164595030038E873 /* Sources */,
				E1E74B75164595030038E873 /* Frameworks */,
				E1E74B76164595030038E873 /* CopyFiles */,
			);
			buildRules = (
			);
			dependencies = (
			);
			name = kapusha_test_object;
			productName = kapusha_test_object;
			productReference = E1E74B78164595030038E873 /* kapusha_test_object */;
			productType = "com.apple.product-type.tool";
		};
/* End PBXNativeTarget section */

/* Begin PBXProject section */
		E18DDFC9163D8ED100869CF5 /* Project object */ = {
			isa = PBXProject;
			attributes = {
				LastUpgradeCheck = 0450;
			};
			buildConfigurationList = E18DDFCC163D8ED100869CF5 /* Build configuration list for PBXProject "Kapusha" */;
			compatibilityVersion = "Xcode 3.2";
			developmentRegion = English;
			hasScannedForEncodings = 0;
			knownRegions = (
				en,
			);
			mainGroup = E18DDFC7163D8ED100869CF5;
			productRefGroup = E18DDFF6163D8F3A00869CF5 /* Products */;
			projectDirPath = "";
			projectRoot = "";
			targets = (
				E18DDFF4163D8F3A00869CF5 /* Kapusha */,
				E18DE035163D923000869CF5 /* kapusha_test_fullscreen_quad */,
				E1E74B77164595030038E873 /* kapusha_test_object */,
			);
		};
/* End PBXProject section */

/* Begin PBXSourcesBuildPhase section */
		E18DDFF1163D8F3A00869CF5 /* Sources */ = {
			isa = PBXSourcesBuildPhase;
			buildActionMask = 2147483647;
			files = (
				E18DE009163D8F7A00869CF5 /* Buffer.cpp in Sources */,
				E18DE00B163D8F7A00869CF5 /* Batch.cpp in Sources */,
				E18DE00D163D8F7A00869CF5 /* OpenGL.cpp in Sources */,
				E18DE00F163D8F7A00869CF5 /* Program.cpp in Sources */,
				E18DE011163D8F7A00869CF5 /* Texture.cpp in Sources */,
				E18DE013163D8F7F00869CF5 /* Stream.cpp in Sources */,
				E18DE017163D8F8700869CF5 /* math.cpp in Sources */,
				E18DE018163D8F9800869CF5 /* Log.cpp in Sources */,
				E18DE05B163D9C9A00869CF5 /* StreamFile_posix.cpp in Sources */,
				E18DE08F1642E81200869CF5 /* runGlut.cpp in Sources */,
				E1E74B62164436330038E873 /* Material.cpp in Sources */,
				E1E74B6A16444BBA0038E873 /* Camera.cpp in Sources */,
				E1E74B71164462670038E873 /* Object.cpp in Sources */,
				E1E74B8B1646731E0038E873 /* IViewport.cpp in Sources */,
			);
			runOnlyForDeploymentPostprocessing = 0;
		};
		E18DE032163D923000869CF5 /* Sources */ = {
			isa = PBXSourcesBuildPhase;
			buildActionMask = 2147483647;
			files = (
				E18DE03A163D923000869CF5 /* fsquad.cpp in Sources */,
			);
			runOnlyForDeploymentPostprocessing = 0;
		};
		E1E74B74164595030038E873 /* Sources */ = {
			isa = PBXSourcesBuildPhase;
			buildActionMask = 2147483647;
			files = (
				E1E74B82164596410038E873 /* flyby_static_geometry.cpp in Sources */,
			);
			runOnlyForDeploymentPostprocessing = 0;
		};
/* End PBXSourcesBuildPhase section */

/* Begin XCBuildConfiguration section */
		E18DDFCE163D8ED100869CF5 /* Debug */ = {
			isa = XCBuildConfiguration;
			buildSettings = {
			};
			name = Debug;
		};
		E18DDFCF163D8ED100869CF5 /* Release */ = {
			isa = XCBuildConfiguration;
			buildSettings = {
			};
			name = Release;
		};
		E18DE005163D8F3B00869CF5 /* Debug */ = {
			isa = XCBuildConfiguration;
			buildSettings = {
				ALWAYS_SEARCH_USER_PATHS = NO;
				ARCHS = "$(ARCHS_STANDARD_64_BIT)";
				CLANG_CXX_LANGUAGE_STANDARD = "gnu++0x";
				CLANG_CXX_LIBRARY = "libc++";
				CLANG_WARN_EMPTY_BODY = YES;
				CLANG_WARN__DUPLICATE_METHOD_MATCH = YES;
				COPY_PHASE_STRIP = NO;
				GCC_C_LANGUAGE_STANDARD = gnu99;
				GCC_DYNAMIC_NO_PIC = NO;
				GCC_ENABLE_CPP_EXCEPTIONS = NO;
				GCC_ENABLE_CPP_RTTI = NO;
				GCC_ENABLE_OBJC_EXCEPTIONS = NO;
				GCC_OPTIMIZATION_LEVEL = 0;
				GCC_PREPROCESSOR_DEFINITIONS = (
					"DEBUG=1",
					"$(inherited)",
				);
				GCC_SYMBOLS_PRIVATE_EXTERN = NO;
				GCC_WARN_64_TO_32_BIT_CONVERSION = YES;
				GCC_WARN_ABOUT_RETURN_TYPE = YES;
				GCC_WARN_UNINITIALIZED_AUTOS = YES;
				GCC_WARN_UNUSED_VARIABLE = YES;
				MACOSX_DEPLOYMENT_TARGET = 10.8;
				ONLY_ACTIVE_ARCH = YES;
				PRODUCT_NAME = "$(TARGET_NAME)";
				SDKROOT = macosx;
			};
			name = Debug;
		};
		E18DE006163D8F3B00869CF5 /* Release */ = {
			isa = XCBuildConfiguration;
			buildSettings = {
				ALWAYS_SEARCH_USER_PATHS = NO;
				ARCHS = "$(ARCHS_STANDARD_64_BIT)";
				CLANG_CXX_LANGUAGE_STANDARD = "gnu++0x";
				CLANG_CXX_LIBRARY = "libc++";
				CLANG_WARN_EMPTY_BODY = YES;
				CLANG_WARN__DUPLICATE_METHOD_MATCH = YES;
				COPY_PHASE_STRIP = YES;
				DEBUG_INFORMATION_FORMAT = "dwarf-with-dsym";
				GCC_C_LANGUAGE_STANDARD = gnu99;
				GCC_ENABLE_CPP_EXCEPTIONS = NO;
				GCC_ENABLE_CPP_RTTI = NO;
				GCC_ENABLE_OBJC_EXCEPTIONS = NO;
				GCC_WARN_64_TO_32_BIT_CONVERSION = YES;
				GCC_WARN_ABOUT_RETURN_TYPE = YES;
				GCC_WARN_UNINITIALIZED_AUTOS = YES;
				GCC_WARN_UNUSED_VARIABLE = YES;
				MACOSX_DEPLOYMENT_TARGET = 10.8;
				PRODUCT_NAME = "$(TARGET_NAME)";
				SDKROOT = macosx;
			};
			name = Release;
		};
		E18DE03E163D923000869CF5 /* Debug */ = {
			isa = XCBuildConfiguration;
			buildSettings = {
				ALWAYS_SEARCH_USER_PATHS = NO;
				ARCHS = "$(ARCHS_STANDARD_64_BIT)";
				CLANG_CXX_LANGUAGE_STANDARD = "gnu++0x";
				CLANG_CXX_LIBRARY = "libc++";
				CLANG_WARN_EMPTY_BODY = YES;
				CLANG_WARN__DUPLICATE_METHOD_MATCH = YES;
				COPY_PHASE_STRIP = NO;
				GCC_C_LANGUAGE_STANDARD = gnu99;
				GCC_DYNAMIC_NO_PIC = NO;
				GCC_ENABLE_CPP_EXCEPTIONS = NO;
				GCC_ENABLE_CPP_RTTI = NO;
				GCC_ENABLE_OBJC_EXCEPTIONS = NO;
				GCC_OPTIMIZATION_LEVEL = 0;
				GCC_PREPROCESSOR_DEFINITIONS = (
					"DEBUG=1",
					"$(inherited)",
				);
				GCC_SYMBOLS_PRIVATE_EXTERN = NO;
				GCC_WARN_64_TO_32_BIT_CONVERSION = YES;
				GCC_WARN_ABOUT_RETURN_TYPE = YES;
				GCC_WARN_UNINITIALIZED_AUTOS = YES;
				GCC_WARN_UNUSED_VARIABLE = YES;
				MACOSX_DEPLOYMENT_TARGET = 10.8;
				ONLY_ACTIVE_ARCH = YES;
				PRODUCT_NAME = "$(TARGET_NAME)";
				SDKROOT = macosx;
			};
			name = Debug;
		};
		E18DE03F163D923000869CF5 /* Release */ = {
			isa = XCBuildConfiguration;
			buildSettings = {
				ALWAYS_SEARCH_USER_PATHS = NO;
				ARCHS = "$(ARCHS_STANDARD_64_BIT)";
				CLANG_CXX_LANGUAGE_STANDARD = "gnu++0x";
				CLANG_CXX_LIBRARY = "libc++";
				CLANG_WARN_EMPTY_BODY = YES;
				CLANG_WARN__DUPLICATE_METHOD_MATCH = YES;
				COPY_PHASE_STRIP = YES;
				DEBUG_INFORMATION_FORMAT = "dwarf-with-dsym";
				GCC_C_LANGUAGE_STANDARD = gnu99;
				GCC_ENABLE_CPP_EXCEPTIONS = NO;
				GCC_ENABLE_CPP_RTTI = NO;
				GCC_ENABLE_OBJC_EXCEPTIONS = NO;
				GCC_WARN_64_TO_32_BIT_CONVERSION = YES;
				GCC_WARN_ABOUT_RETURN_TYPE = YES;
				GCC_WARN_UNINITIALIZED_AUTOS = YES;
				GCC_WARN_UNUSED_VARIABLE = YES;
				MACOSX_DEPLOYMENT_TARGET = 10.8;
				PRODUCT_NAME = "$(TARGET_NAME)";
				SDKROOT = macosx;
			};
			name = Release;
		};
		E1E74B80164595030038E873 /* Debug */ = {
			isa = XCBuildConfiguration;
			buildSettings = {
				ALWAYS_SEARCH_USER_PATHS = NO;
				ARCHS = "$(ARCHS_STANDARD_64_BIT)";
				CLANG_CXX_LANGUAGE_STANDARD = "gnu++0x";
				CLANG_CXX_LIBRARY = "libc++";
				CLANG_WARN_EMPTY_BODY = YES;
				CLANG_WARN__DUPLICATE_METHOD_MATCH = YES;
				COPY_PHASE_STRIP = NO;
				GCC_C_LANGUAGE_STANDARD = gnu99;
				GCC_DYNAMIC_NO_PIC = NO;
				GCC_ENABLE_CPP_EXCEPTIONS = NO;
				GCC_ENABLE_CPP_RTTI = NO;
				GCC_ENABLE_OBJC_EXCEPTIONS = NO;
				GCC_OPTIMIZATION_LEVEL = 0;
				GCC_PREPROCESSOR_DEFINITIONS = (
					"DEBUG=1",
					"$(inherited)",
				);
				GCC_SYMBOLS_PRIVATE_EXTERN = NO;
				GCC_WARN_64_TO_32_BIT_CONVERSION = YES;
				GCC_WARN_ABOUT_RETURN_TYPE = YES;
				GCC_WARN_UNINITIALIZED_AUTOS = YES;
				GCC_WARN_UNUSED_VARIABLE = YES;
				MACOSX_DEPLOYMENT_TARGET = 10.8;
				ONLY_ACTIVE_ARCH = YES;
				PRODUCT_NAME = "$(TARGET_NAME)";
				SDKROOT = macosx;
			};
			name = Debug;
		};
		E1E74B81164595030038E873 /* Release */ = {
			isa = XCBuildConfiguration;
			buildSettings = {
				ALWAYS_SEARCH_USER_PATHS = NO;
				ARCHS = "$(ARCHS_STANDARD_64_BIT)";
				CLANG_CXX_LANGUAGE_STANDARD = "gnu++0x";
				CLANG_CXX_LIBRARY = "libc++";
				CLANG_WARN_EMPTY_BODY = YES;
				CLANG_WARN__DUPLICATE_METHOD_MATCH = YES;
				COPY_PHASE_STRIP = YES;
				DEBUG_INFORMATION_FORMAT = "dwarf-with-dsym";
				GCC_C_LANGUAGE_STANDARD = gnu99;
				GCC_ENABLE_CPP_EXCEPTIONS = NO;
				GCC_ENABLE_CPP_RTTI = NO;
				GCC_ENABLE_OBJC_EXCEPTIONS = NO;
				GCC_WARN_64_TO_32_BIT_CONVERSION = YES;
				GCC_WARN_ABOUT_RETURN_TYPE = YES;
				GCC_WARN_UNINITIALIZED_AUTOS = YES;
				GCC_WARN_UNUSED_VARIABLE = YES;
				MACOSX_DEPLOYMENT_TARGET = 10.8;
				PRODUCT_NAME = "$(TARGET_NAME)";
				SDKROOT = macosx;
			};
			name = Release;
		};
/* End XCBuildConfiguration section */

/* Begin XCConfigurationList section */
		E18DDFCC163D8ED100869CF5 /* Build configuration list for PBXProject "Kapusha" */ = {
			isa = XCConfigurationList;
			buildConfigurations = (
				E18DDFCE163D8ED100869CF5 /* Debug */,
				E18DDFCF163D8ED100869CF5 /* Release */,
			);
			defaultConfigurationIsVisible = 0;
			defaultConfigurationName = Release;
		};
		E18DE004163D8F3B00869CF5 /* Build configuration list for PBXNativeTarget "Kapusha" */ = {
			isa = XCConfigurationList;
			buildConfigurations = (
				E18DE005163D8F3B00869CF5 /* Debug */,
				E18DE006163D8F3B00869CF5 /* Release */,
			);
			defaultConfigurationIsVisible = 0;
			defaultConfigurationName = Release;
		};
		E18DE03D163D923000869CF5 /* Build configuration list for PBXNativeTarget "kapusha_test_fullscreen_quad" */ = {
			isa = XCConfigurationList;
			buildConfigurations = (
				E18DE03E163D923000869CF5 /* Debug */,
				E18DE03F163D923000869CF5 /* Release */,
			);
			defaultConfigurationIsVisible = 0;
			defaultConfigurationName = Release;
		};
		E1E74B7F164595030038E873 /* Build configuration list for PBXNativeTarget "kapusha_test_object" */ = {
			isa = XCConfigurationList;
			buildConfigurations = (
				E1E74B80164595030038E873 /* Debug */,
				E1E74B81164595030038E873 /* Release */,
			);
			defaultConfigurationIsVisible = 0;
			defaultConfigurationName = Release;
		};
/* End XCConfigurationList section */
	};
	rootObject = E18DDFC9163D8ED100869CF5 /* Project object */;
}
