// !$*UTF8*$!
{
	archiveVersion = 1;
	classes = {
	};
	objectVersion = 46;
	objects = {

/* Begin PBXBuildFile section */
		E14B5358165D59F300B55FEC /* KPView.h in Headers */ = {isa = PBXBuildFile; fileRef = E14B5356165D59F300B55FEC /* KPView.h */; };
		E14B5359165D59F300B55FEC /* KPView.mm in Sources */ = {isa = PBXBuildFile; fileRef = E14B5357165D59F300B55FEC /* KPView.mm */; };
		E14B536C165D5C4500B55FEC /* fsquad.cpp in Sources */ = {isa = PBXBuildFile; fileRef = E18DE039163D923000869CF5 /* fsquad.cpp */; };
		E14B536D165D5C4500B55FEC /* flyby_static_geometry.cpp in Sources */ = {isa = PBXBuildFile; fileRef = E1E74B73164594C10038E873 /* flyby_static_geometry.cpp */; };
		E15E63FB165E84150032BBC2 /* Input.cpp in Sources */ = {isa = PBXBuildFile; fileRef = E15E63F9165E84150032BBC2 /* Input.cpp */; };
		E15E63FC165E84150032BBC2 /* Input.cpp in Sources */ = {isa = PBXBuildFile; fileRef = E15E63F9165E84150032BBC2 /* Input.cpp */; };
		E15E63FD165E84150032BBC2 /* Input.h in Headers */ = {isa = PBXBuildFile; fileRef = E15E63FA165E84150032BBC2 /* Input.h */; };
		E1993176164E141500E8D9CB /* UIKit.framework in Frameworks */ = {isa = PBXBuildFile; fileRef = E1993175164E141500E8D9CB /* UIKit.framework */; };
		E1993178164E141500E8D9CB /* Foundation.framework in Frameworks */ = {isa = PBXBuildFile; fileRef = E1993177164E141500E8D9CB /* Foundation.framework */; };
		E199317A164E141500E8D9CB /* CoreGraphics.framework in Frameworks */ = {isa = PBXBuildFile; fileRef = E1993179164E141500E8D9CB /* CoreGraphics.framework */; };
		E199317C164E141500E8D9CB /* GLKit.framework in Frameworks */ = {isa = PBXBuildFile; fileRef = E199317B164E141500E8D9CB /* GLKit.framework */; };
		E199317E164E141500E8D9CB /* OpenGLES.framework in Frameworks */ = {isa = PBXBuildFile; fileRef = E199317D164E141500E8D9CB /* OpenGLES.framework */; };
		E1993184164E141500E8D9CB /* InfoPlist.strings in Resources */ = {isa = PBXBuildFile; fileRef = E1993182164E141500E8D9CB /* InfoPlist.strings */; };
		E1993186164E141500E8D9CB /* main.mm in Sources */ = {isa = PBXBuildFile; fileRef = E1993185164E141500E8D9CB /* main.mm */; };
		E199318A164E141500E8D9CB /* AppDelegate.mm in Sources */ = {isa = PBXBuildFile; fileRef = E1993189164E141500E8D9CB /* AppDelegate.mm */; };
		E199318C164E141500E8D9CB /* Default.png in Resources */ = {isa = PBXBuildFile; fileRef = E199318B164E141500E8D9CB /* Default.png */; };
		E199318E164E141500E8D9CB /* Default@2x.png in Resources */ = {isa = PBXBuildFile; fileRef = E199318D164E141500E8D9CB /* Default@2x.png */; };
		E1993190164E141500E8D9CB /* Default-568h@2x.png in Resources */ = {isa = PBXBuildFile; fileRef = E199318F164E141500E8D9CB /* Default-568h@2x.png */; };
		E1993197164E141500E8D9CB /* ViewController.mm in Sources */ = {isa = PBXBuildFile; fileRef = E1993196164E141500E8D9CB /* ViewController.mm */; };
		E19931A8164E144F00E8D9CB /* Foundation.framework in Frameworks */ = {isa = PBXBuildFile; fileRef = E1993177164E141500E8D9CB /* Foundation.framework */; };
		E19931B3164E14F400E8D9CB /* libkapusha.a in Frameworks */ = {isa = PBXBuildFile; fileRef = E19931A7164E144F00E8D9CB /* libkapusha.a */; };
		E19931BB164E4EB800E8D9CB /* Batch.cpp in Sources */ = {isa = PBXBuildFile; fileRef = E18DDFD6163D8EED00869CF5 /* Batch.cpp */; };
		E19931BC164E4EC000E8D9CB /* Buffer.cpp in Sources */ = {isa = PBXBuildFile; fileRef = E18DDFD4163D8EED00869CF5 /* Buffer.cpp */; };
		E19931BD164E4EC000E8D9CB /* Camera.cpp in Sources */ = {isa = PBXBuildFile; fileRef = E1E74B6816444BBA0038E873 /* Camera.cpp */; };
		E19931BE164E4EC000E8D9CB /* Material.cpp in Sources */ = {isa = PBXBuildFile; fileRef = E1E74B60164436330038E873 /* Material.cpp */; };
		E19931BF164E4EC000E8D9CB /* Object.cpp in Sources */ = {isa = PBXBuildFile; fileRef = E1E74B6F164462670038E873 /* Object.cpp */; };
		E19931C0164E4EC000E8D9CB /* OpenGL.cpp in Sources */ = {isa = PBXBuildFile; fileRef = E18DDFD8163D8EED00869CF5 /* OpenGL.cpp */; };
		E19931C1164E4EC000E8D9CB /* Program.cpp in Sources */ = {isa = PBXBuildFile; fileRef = E18DDFDA163D8EED00869CF5 /* Program.cpp */; };
		E19931C2164E4EC000E8D9CB /* Texture.cpp in Sources */ = {isa = PBXBuildFile; fileRef = E18DDFDC163D8EED00869CF5 /* Texture.cpp */; };
		E19931C3164E4EC700E8D9CB /* Stream.cpp in Sources */ = {isa = PBXBuildFile; fileRef = E18DDFDF163D8EED00869CF5 /* Stream.cpp */; };
		E19931C4164E4EC700E8D9CB /* StreamFile_posix.cpp in Sources */ = {isa = PBXBuildFile; fileRef = E18DE05A163D9C9A00869CF5 /* StreamFile_posix.cpp */; };
		E19931C5164E4ECC00E8D9CB /* math.cpp in Sources */ = {isa = PBXBuildFile; fileRef = E18DDFE6163D8EED00869CF5 /* math.cpp */; };
		E19931C7164E4ED900E8D9CB /* Log.cpp in Sources */ = {isa = PBXBuildFile; fileRef = E18DDFED163D8EED00869CF5 /* Log.cpp */; };
		E19931C9164E4F5800E8D9CB /* OpenGLES.framework in Frameworks */ = {isa = PBXBuildFile; fileRef = E19931C8164E4F5800E8D9CB /* OpenGLES.framework */; };
		E19931CA164E97C400E8D9CB /* fsquad.cpp in Sources */ = {isa = PBXBuildFile; fileRef = E18DE039163D923000869CF5 /* fsquad.cpp */; };
		E19931CB164E97C400E8D9CB /* flyby_static_geometry.cpp in Sources */ = {isa = PBXBuildFile; fileRef = E1E74B73164594C10038E873 /* flyby_static_geometry.cpp */; };
		E1A77CA3165D39F9009FF8F3 /* Cocoa.framework in Frameworks */ = {isa = PBXBuildFile; fileRef = E18DDFF8163D8F3A00869CF5 /* Cocoa.framework */; };
		E1A77CA9165D39F9009FF8F3 /* InfoPlist.strings in Resources */ = {isa = PBXBuildFile; fileRef = E1A77CA7165D39F9009FF8F3 /* InfoPlist.strings */; };
		E1A77CAB165D39F9009FF8F3 /* main.m in Sources */ = {isa = PBXBuildFile; fileRef = E1A77CAA165D39F9009FF8F3 /* main.m */; };
		E1A77CAF165D39F9009FF8F3 /* Credits.rtf in Resources */ = {isa = PBXBuildFile; fileRef = E1A77CAD165D39F9009FF8F3 /* Credits.rtf */; };
		E1A77CB2165D39F9009FF8F3 /* AppDelegate.mm in Sources */ = {isa = PBXBuildFile; fileRef = E1A77CB1165D39F9009FF8F3 /* AppDelegate.mm */; };
		E1A77CB5165D39F9009FF8F3 /* MainMenu.xib in Resources */ = {isa = PBXBuildFile; fileRef = E1A77CB3165D39F9009FF8F3 /* MainMenu.xib */; };
		E1A77CBB165D3ADA009FF8F3 /* OpenGL.framework in Frameworks */ = {isa = PBXBuildFile; fileRef = E18DE007163D8F5400869CF5 /* OpenGL.framework */; };
		E1A77CCA165D528A009FF8F3 /* Cocoa.framework in Frameworks */ = {isa = PBXBuildFile; fileRef = E18DDFF8163D8F3A00869CF5 /* Cocoa.framework */; };
		E1A77CD0165D528A009FF8F3 /* InfoPlist.strings in Resources */ = {isa = PBXBuildFile; fileRef = E1A77CCE165D528A009FF8F3 /* InfoPlist.strings */; };
		E1A77CD8165D52BE009FF8F3 /* Render.h in Headers */ = {isa = PBXBuildFile; fileRef = E1BD0C1D164F72A900A3454C /* Render.h */; settings = {ATTRIBUTES = (Public, ); }; };
		E1A77CD9165D52BE009FF8F3 /* Batch.h in Headers */ = {isa = PBXBuildFile; fileRef = E18DDFD7163D8EED00869CF5 /* Batch.h */; settings = {ATTRIBUTES = (Public, ); }; };
		E1A77CDA165D52BE009FF8F3 /* Buffer.h in Headers */ = {isa = PBXBuildFile; fileRef = E18DDFD5163D8EED00869CF5 /* Buffer.h */; settings = {ATTRIBUTES = (Public, ); }; };
		E1A77CDB165D52BE009FF8F3 /* Camera.h in Headers */ = {isa = PBXBuildFile; fileRef = E1E74B6916444BBA0038E873 /* Camera.h */; settings = {ATTRIBUTES = (Public, ); }; };
		E1A77CDC165D52BE009FF8F3 /* Material.h in Headers */ = {isa = PBXBuildFile; fileRef = E1E74B61164436330038E873 /* Material.h */; settings = {ATTRIBUTES = (Public, ); }; };
		E1A77CDD165D52BE009FF8F3 /* Object.h in Headers */ = {isa = PBXBuildFile; fileRef = E1E74B70164462670038E873 /* Object.h */; settings = {ATTRIBUTES = (Public, ); }; };
		E1A77CDE165D52BE009FF8F3 /* OpenGL.h in Headers */ = {isa = PBXBuildFile; fileRef = E18DDFD9163D8EED00869CF5 /* OpenGL.h */; settings = {ATTRIBUTES = (Public, ); }; };
		E1A77CDF165D52BE009FF8F3 /* Program.h in Headers */ = {isa = PBXBuildFile; fileRef = E18DDFDB163D8EED00869CF5 /* Program.h */; settings = {ATTRIBUTES = (Public, ); }; };
		E1A77CE0165D52BE009FF8F3 /* Texture.h in Headers */ = {isa = PBXBuildFile; fileRef = E18DDFDD163D8EED00869CF5 /* Texture.h */; settings = {ATTRIBUTES = (Public, ); }; };
		E1A77CE1165D52BE009FF8F3 /* Stream.h in Headers */ = {isa = PBXBuildFile; fileRef = E18DDFE0163D8EED00869CF5 /* Stream.h */; settings = {ATTRIBUTES = (Public, ); }; };
		E1A77CE2165D52BE009FF8F3 /* StreamFile.h in Headers */ = {isa = PBXBuildFile; fileRef = E18DE05C163D9E4600869CF5 /* StreamFile.h */; settings = {ATTRIBUTES = (Public, ); }; };
		E1A77CE3165D52BE009FF8F3 /* StreamFile_posix.h in Headers */ = {isa = PBXBuildFile; fileRef = E18DE044163D9BE500869CF5 /* StreamFile_posix.h */; settings = {ATTRIBUTES = (Public, ); }; };
		E1A77CE4165D52BE009FF8F3 /* mat2.h in Headers */ = {isa = PBXBuildFile; fileRef = E18DDFE4163D8EED00869CF5 /* mat2.h */; settings = {ATTRIBUTES = (Public, ); }; };
		E1A77CE5165D52BE009FF8F3 /* mat4.h in Headers */ = {isa = PBXBuildFile; fileRef = E18DDFE5163D8EED00869CF5 /* mat4.h */; settings = {ATTRIBUTES = (Public, ); }; };
		E1A77CE6165D52BE009FF8F3 /* rect2.h in Headers */ = {isa = PBXBuildFile; fileRef = E18DDFE7163D8EED00869CF5 /* rect2.h */; settings = {ATTRIBUTES = (Public, ); }; };
		E1A77CE7165D52BE009FF8F3 /* types.h in Headers */ = {isa = PBXBuildFile; fileRef = E18DDFE8163D8EED00869CF5 /* types.h */; settings = {ATTRIBUTES = (Public, ); }; };
		E1A77CE8165D52BE009FF8F3 /* vec2.h in Headers */ = {isa = PBXBuildFile; fileRef = E18DDFE9163D8EED00869CF5 /* vec2.h */; settings = {ATTRIBUTES = (Public, ); }; };
		E1A77CE9165D52BE009FF8F3 /* vec3.h in Headers */ = {isa = PBXBuildFile; fileRef = E1E74B6D164454B30038E873 /* vec3.h */; settings = {ATTRIBUTES = (Public, ); }; };
		E1A77CEA165D52BE009FF8F3 /* vec4.h in Headers */ = {isa = PBXBuildFile; fileRef = E18DDFEA163D8EED00869CF5 /* vec4.h */; settings = {ATTRIBUTES = (Public, ); }; };
		E1A77CEB165D52BE009FF8F3 /* Shared.h in Headers */ = {isa = PBXBuildFile; fileRef = E1E74B6E1644551C0038E873 /* Shared.h */; settings = {ATTRIBUTES = (Public, ); }; };
		E1A77CEC165D52BE009FF8F3 /* IViewport.h in Headers */ = {isa = PBXBuildFile; fileRef = E18DDFEC163D8EED00869CF5 /* IViewport.h */; settings = {ATTRIBUTES = (Public, ); }; };
		E1A77CED165D52BE009FF8F3 /* Log.h in Headers */ = {isa = PBXBuildFile; fileRef = E18DDFEE163D8EED00869CF5 /* Log.h */; settings = {ATTRIBUTES = (Public, ); }; };
		E1A77CEE165D52BE009FF8F3 /* Core.h in Headers */ = {isa = PBXBuildFile; fileRef = E18DDFEF163D8EED00869CF5 /* Core.h */; settings = {ATTRIBUTES = (Public, ); }; };
		E1A77CEF165D52D3009FF8F3 /* OpenGL.framework in Frameworks */ = {isa = PBXBuildFile; fileRef = E18DE007163D8F5400869CF5 /* OpenGL.framework */; };
		E1A77CF0165D54DB009FF8F3 /* Batch.cpp in Sources */ = {isa = PBXBuildFile; fileRef = E18DDFD6163D8EED00869CF5 /* Batch.cpp */; };
		E1A77CF1165D54DB009FF8F3 /* Buffer.cpp in Sources */ = {isa = PBXBuildFile; fileRef = E18DDFD4163D8EED00869CF5 /* Buffer.cpp */; };
		E1A77CF2165D54DB009FF8F3 /* Camera.cpp in Sources */ = {isa = PBXBuildFile; fileRef = E1E74B6816444BBA0038E873 /* Camera.cpp */; };
		E1A77CF3165D54DB009FF8F3 /* Material.cpp in Sources */ = {isa = PBXBuildFile; fileRef = E1E74B60164436330038E873 /* Material.cpp */; };
		E1A77CF4165D54DB009FF8F3 /* Object.cpp in Sources */ = {isa = PBXBuildFile; fileRef = E1E74B6F164462670038E873 /* Object.cpp */; };
		E1A77CF5165D54DB009FF8F3 /* OpenGL.cpp in Sources */ = {isa = PBXBuildFile; fileRef = E18DDFD8163D8EED00869CF5 /* OpenGL.cpp */; };
		E1A77CF6165D54DB009FF8F3 /* Program.cpp in Sources */ = {isa = PBXBuildFile; fileRef = E18DDFDA163D8EED00869CF5 /* Program.cpp */; };
		E1A77CF7165D54DB009FF8F3 /* Texture.cpp in Sources */ = {isa = PBXBuildFile; fileRef = E18DDFDC163D8EED00869CF5 /* Texture.cpp */; };
		E1A77CF8165D54DB009FF8F3 /* Stream.cpp in Sources */ = {isa = PBXBuildFile; fileRef = E18DDFDF163D8EED00869CF5 /* Stream.cpp */; };
		E1A77CF9165D54DB009FF8F3 /* StreamFile_posix.cpp in Sources */ = {isa = PBXBuildFile; fileRef = E18DE05A163D9C9A00869CF5 /* StreamFile_posix.cpp */; };
		E1A77CFA165D54DB009FF8F3 /* math.cpp in Sources */ = {isa = PBXBuildFile; fileRef = E18DDFE6163D8EED00869CF5 /* math.cpp */; };
		E1A77CFC165D54DB009FF8F3 /* Log.cpp in Sources */ = {isa = PBXBuildFile; fileRef = E18DDFED163D8EED00869CF5 /* Log.cpp */; };
		E1A77CFE165D5741009FF8F3 /* kapusha.framework in Frameworks */ = {isa = PBXBuildFile; fileRef = E1A77CC9165D528A009FF8F3 /* kapusha.framework */; };
/* End PBXBuildFile section */

/* Begin PBXCopyFilesBuildPhase section */
		E19931A5164E144F00E8D9CB /* CopyFiles */ = {
			isa = PBXCopyFilesBuildPhase;
			buildActionMask = 2147483647;
			dstPath = "include/${PRODUCT_NAME}";
			dstSubfolderSpec = 16;
			files = (
			);
			runOnlyForDeploymentPostprocessing = 0;
		};
/* End PBXCopyFilesBuildPhase section */

/* Begin PBXFileReference section */
		E14B5356165D59F300B55FEC /* KPView.h */ = {isa = PBXFileReference; fileEncoding = 4; lastKnownFileType = sourcecode.c.h; path = KPView.h; sourceTree = "<group>"; };
		E14B5357165D59F300B55FEC /* KPView.mm */ = {isa = PBXFileReference; fileEncoding = 4; lastKnownFileType = sourcecode.cpp.objcpp; path = KPView.mm; sourceTree = "<group>"; };
		E15E63F9165E84150032BBC2 /* Input.cpp */ = {isa = PBXFileReference; fileEncoding = 4; lastKnownFileType = sourcecode.cpp.cpp; path = Input.cpp; sourceTree = "<group>"; };
		E15E63FA165E84150032BBC2 /* Input.h */ = {isa = PBXFileReference; fileEncoding = 4; lastKnownFileType = sourcecode.c.h; path = Input.h; sourceTree = "<group>"; };
		E18DDFD4163D8EED00869CF5 /* Buffer.cpp */ = {isa = PBXFileReference; lastKnownFileType = sourcecode.cpp.cpp; path = Buffer.cpp; sourceTree = "<group>"; };
		E18DDFD5163D8EED00869CF5 /* Buffer.h */ = {isa = PBXFileReference; lastKnownFileType = sourcecode.c.h; path = Buffer.h; sourceTree = "<group>"; };
		E18DDFD6163D8EED00869CF5 /* Batch.cpp */ = {isa = PBXFileReference; lastKnownFileType = sourcecode.cpp.cpp; path = Batch.cpp; sourceTree = "<group>"; };
		E18DDFD7163D8EED00869CF5 /* Batch.h */ = {isa = PBXFileReference; lastKnownFileType = sourcecode.c.h; path = Batch.h; sourceTree = "<group>"; };
		E18DDFD8163D8EED00869CF5 /* OpenGL.cpp */ = {isa = PBXFileReference; lastKnownFileType = sourcecode.cpp.cpp; path = OpenGL.cpp; sourceTree = "<group>"; };
		E18DDFD9163D8EED00869CF5 /* OpenGL.h */ = {isa = PBXFileReference; lastKnownFileType = sourcecode.c.h; path = OpenGL.h; sourceTree = "<group>"; };
		E18DDFDA163D8EED00869CF5 /* Program.cpp */ = {isa = PBXFileReference; lastKnownFileType = sourcecode.cpp.cpp; path = Program.cpp; sourceTree = "<group>"; };
		E18DDFDB163D8EED00869CF5 /* Program.h */ = {isa = PBXFileReference; lastKnownFileType = sourcecode.c.h; path = Program.h; sourceTree = "<group>"; };
		E18DDFDC163D8EED00869CF5 /* Texture.cpp */ = {isa = PBXFileReference; lastKnownFileType = sourcecode.cpp.cpp; path = Texture.cpp; sourceTree = "<group>"; };
		E18DDFDD163D8EED00869CF5 /* Texture.h */ = {isa = PBXFileReference; lastKnownFileType = sourcecode.c.h; path = Texture.h; sourceTree = "<group>"; };
		E18DDFDF163D8EED00869CF5 /* Stream.cpp */ = {isa = PBXFileReference; lastKnownFileType = sourcecode.cpp.cpp; path = Stream.cpp; sourceTree = "<group>"; };
		E18DDFE0163D8EED00869CF5 /* Stream.h */ = {isa = PBXFileReference; lastKnownFileType = sourcecode.c.h; path = Stream.h; sourceTree = "<group>"; };
		E18DDFE1163D8EED00869CF5 /* StreamFile_win.cpp */ = {isa = PBXFileReference; lastKnownFileType = sourcecode.cpp.cpp; path = StreamFile_win.cpp; sourceTree = "<group>"; };
		E18DDFE2163D8EED00869CF5 /* StreamFile_win.h */ = {isa = PBXFileReference; lastKnownFileType = sourcecode.c.h; path = StreamFile_win.h; sourceTree = "<group>"; };
		E18DDFE4163D8EED00869CF5 /* mat2.h */ = {isa = PBXFileReference; lastKnownFileType = sourcecode.c.h; path = mat2.h; sourceTree = "<group>"; };
		E18DDFE5163D8EED00869CF5 /* mat4.h */ = {isa = PBXFileReference; lastKnownFileType = sourcecode.c.h; path = mat4.h; sourceTree = "<group>"; };
		E18DDFE6163D8EED00869CF5 /* math.cpp */ = {isa = PBXFileReference; lastKnownFileType = sourcecode.cpp.cpp; path = math.cpp; sourceTree = "<group>"; };
		E18DDFE7163D8EED00869CF5 /* rect2.h */ = {isa = PBXFileReference; lastKnownFileType = sourcecode.c.h; path = rect2.h; sourceTree = "<group>"; };
		E18DDFE8163D8EED00869CF5 /* types.h */ = {isa = PBXFileReference; lastKnownFileType = sourcecode.c.h; path = types.h; sourceTree = "<group>"; };
		E18DDFE9163D8EED00869CF5 /* vec2.h */ = {isa = PBXFileReference; lastKnownFileType = sourcecode.c.h; path = vec2.h; sourceTree = "<group>"; };
		E18DDFEA163D8EED00869CF5 /* vec4.h */ = {isa = PBXFileReference; lastKnownFileType = sourcecode.c.h; path = vec4.h; sourceTree = "<group>"; };
		E18DDFEC163D8EED00869CF5 /* IViewport.h */ = {isa = PBXFileReference; lastKnownFileType = sourcecode.c.h; path = IViewport.h; sourceTree = "<group>"; };
		E18DDFED163D8EED00869CF5 /* Log.cpp */ = {isa = PBXFileReference; lastKnownFileType = sourcecode.cpp.cpp; path = Log.cpp; sourceTree = "<group>"; };
		E18DDFEE163D8EED00869CF5 /* Log.h */ = {isa = PBXFileReference; lastKnownFileType = sourcecode.c.h; path = Log.h; sourceTree = "<group>"; };
		E18DDFEF163D8EED00869CF5 /* Core.h */ = {isa = PBXFileReference; lastKnownFileType = sourcecode.c.h; path = Core.h; sourceTree = "<group>"; };
		E18DDFF8163D8F3A00869CF5 /* Cocoa.framework */ = {isa = PBXFileReference; lastKnownFileType = wrapper.framework; name = Cocoa.framework; path = System/Library/Frameworks/Cocoa.framework; sourceTree = SDKROOT; };
		E18DDFFB163D8F3B00869CF5 /* AppKit.framework */ = {isa = PBXFileReference; lastKnownFileType = wrapper.framework; name = AppKit.framework; path = System/Library/Frameworks/AppKit.framework; sourceTree = SDKROOT; };
		E18DDFFC163D8F3B00869CF5 /* CoreData.framework */ = {isa = PBXFileReference; lastKnownFileType = wrapper.framework; name = CoreData.framework; path = System/Library/Frameworks/CoreData.framework; sourceTree = SDKROOT; };
		E18DDFFD163D8F3B00869CF5 /* Foundation.framework */ = {isa = PBXFileReference; lastKnownFileType = wrapper.framework; name = Foundation.framework; path = System/Library/Frameworks/Foundation.framework; sourceTree = SDKROOT; };
		E18DE007163D8F5400869CF5 /* OpenGL.framework */ = {isa = PBXFileReference; lastKnownFileType = wrapper.framework; name = OpenGL.framework; path = Platforms/MacOSX.platform/Developer/SDKs/MacOSX10.8.sdk/System/Library/Frameworks/OpenGL.framework; sourceTree = DEVELOPER_DIR; };
		E18DE039163D923000869CF5 /* fsquad.cpp */ = {isa = PBXFileReference; lastKnownFileType = sourcecode.cpp.cpp; path = fsquad.cpp; sourceTree = "<group>"; };
		E18DE042163D925600869CF5 /* GLUT.framework */ = {isa = PBXFileReference; lastKnownFileType = wrapper.framework; name = GLUT.framework; path = Platforms/MacOSX.platform/Developer/SDKs/MacOSX10.8.sdk/System/Library/Frameworks/GLUT.framework; sourceTree = DEVELOPER_DIR; };
		E18DE044163D9BE500869CF5 /* StreamFile_posix.h */ = {isa = PBXFileReference; lastKnownFileType = sourcecode.c.h; path = StreamFile_posix.h; sourceTree = "<group>"; };
		E18DE05A163D9C9A00869CF5 /* StreamFile_posix.cpp */ = {isa = PBXFileReference; fileEncoding = 4; lastKnownFileType = sourcecode.cpp.cpp; path = StreamFile_posix.cpp; sourceTree = "<group>"; };
		E18DE05C163D9E4600869CF5 /* StreamFile.h */ = {isa = PBXFileReference; lastKnownFileType = sourcecode.c.h; path = StreamFile.h; sourceTree = "<group>"; };
		E1993173164E141500E8D9CB /* samples-ios.app */ = {isa = PBXFileReference; explicitFileType = wrapper.application; includeInIndex = 0; path = "samples-ios.app"; sourceTree = BUILT_PRODUCTS_DIR; };
		E1993175164E141500E8D9CB /* UIKit.framework */ = {isa = PBXFileReference; lastKnownFileType = wrapper.framework; name = UIKit.framework; path = Library/Frameworks/UIKit.framework; sourceTree = DEVELOPER_DIR; };
		E1993177164E141500E8D9CB /* Foundation.framework */ = {isa = PBXFileReference; lastKnownFileType = wrapper.framework; name = Foundation.framework; path = Library/Frameworks/Foundation.framework; sourceTree = DEVELOPER_DIR; };
		E1993179164E141500E8D9CB /* CoreGraphics.framework */ = {isa = PBXFileReference; lastKnownFileType = wrapper.framework; name = CoreGraphics.framework; path = Library/Frameworks/CoreGraphics.framework; sourceTree = DEVELOPER_DIR; };
		E199317B164E141500E8D9CB /* GLKit.framework */ = {isa = PBXFileReference; lastKnownFileType = wrapper.framework; name = GLKit.framework; path = Library/Frameworks/GLKit.framework; sourceTree = DEVELOPER_DIR; };
		E199317D164E141500E8D9CB /* OpenGLES.framework */ = {isa = PBXFileReference; lastKnownFileType = wrapper.framework; name = OpenGLES.framework; path = Library/Frameworks/OpenGLES.framework; sourceTree = DEVELOPER_DIR; };
		E1993181164E141500E8D9CB /* kapusha-samples-Info.plist */ = {isa = PBXFileReference; lastKnownFileType = text.plist.xml; path = "kapusha-samples-Info.plist"; sourceTree = "<group>"; };
		E1993183164E141500E8D9CB /* en */ = {isa = PBXFileReference; lastKnownFileType = text.plist.strings; name = en; path = en.lproj/InfoPlist.strings; sourceTree = "<group>"; };
		E1993185164E141500E8D9CB /* main.mm */ = {isa = PBXFileReference; lastKnownFileType = sourcecode.cpp.objcpp; path = main.mm; sourceTree = "<group>"; };
		E1993187164E141500E8D9CB /* kapusha-samples-Prefix.pch */ = {isa = PBXFileReference; lastKnownFileType = sourcecode.c.h; path = "kapusha-samples-Prefix.pch"; sourceTree = "<group>"; };
		E1993188164E141500E8D9CB /* AppDelegate.h */ = {isa = PBXFileReference; lastKnownFileType = sourcecode.c.h; path = AppDelegate.h; sourceTree = "<group>"; };
		E1993189164E141500E8D9CB /* AppDelegate.mm */ = {isa = PBXFileReference; lastKnownFileType = sourcecode.cpp.objcpp; path = AppDelegate.mm; sourceTree = "<group>"; };
		E199318B164E141500E8D9CB /* Default.png */ = {isa = PBXFileReference; lastKnownFileType = image.png; path = Default.png; sourceTree = "<group>"; };
		E199318D164E141500E8D9CB /* Default@2x.png */ = {isa = PBXFileReference; lastKnownFileType = image.png; path = "Default@2x.png"; sourceTree = "<group>"; };
		E199318F164E141500E8D9CB /* Default-568h@2x.png */ = {isa = PBXFileReference; lastKnownFileType = image.png; path = "Default-568h@2x.png"; sourceTree = "<group>"; };
		E1993195164E141500E8D9CB /* ViewController.h */ = {isa = PBXFileReference; lastKnownFileType = sourcecode.c.h; path = ViewController.h; sourceTree = "<group>"; };
		E1993196164E141500E8D9CB /* ViewController.mm */ = {isa = PBXFileReference; lastKnownFileType = sourcecode.cpp.objcpp; path = ViewController.mm; sourceTree = "<group>"; };
		E19931A7164E144F00E8D9CB /* libkapusha.a */ = {isa = PBXFileReference; explicitFileType = archive.ar; includeInIndex = 0; path = libkapusha.a; sourceTree = BUILT_PRODUCTS_DIR; };
		E19931C8164E4F5800E8D9CB /* OpenGLES.framework */ = {isa = PBXFileReference; lastKnownFileType = wrapper.framework; name = OpenGLES.framework; path = Platforms/iPhoneOS.platform/Developer/SDKs/iPhoneOS6.0.sdk/System/Library/Frameworks/OpenGLES.framework; sourceTree = DEVELOPER_DIR; };
		E1A77CA1165D39F9009FF8F3 /* kapusha-samples.app */ = {isa = PBXFileReference; explicitFileType = wrapper.application; includeInIndex = 0; path = "kapusha-samples.app"; sourceTree = BUILT_PRODUCTS_DIR; };
		E1A77CA6165D39F9009FF8F3 /* kapusha-samples-Info.plist */ = {isa = PBXFileReference; lastKnownFileType = text.plist.xml; path = "kapusha-samples-Info.plist"; sourceTree = "<group>"; };
		E1A77CA8165D39F9009FF8F3 /* en */ = {isa = PBXFileReference; lastKnownFileType = text.plist.strings; name = en; path = en.lproj/InfoPlist.strings; sourceTree = "<group>"; };
		E1A77CAA165D39F9009FF8F3 /* main.m */ = {isa = PBXFileReference; lastKnownFileType = sourcecode.c.objc; path = main.m; sourceTree = "<group>"; };
		E1A77CAC165D39F9009FF8F3 /* kapusha-samples-Prefix.pch */ = {isa = PBXFileReference; lastKnownFileType = sourcecode.c.h; path = "kapusha-samples-Prefix.pch"; sourceTree = "<group>"; };
		E1A77CAE165D39F9009FF8F3 /* en */ = {isa = PBXFileReference; lastKnownFileType = text.rtf; name = en; path = en.lproj/Credits.rtf; sourceTree = "<group>"; };
		E1A77CB0165D39F9009FF8F3 /* AppDelegate.h */ = {isa = PBXFileReference; lastKnownFileType = sourcecode.c.h; path = AppDelegate.h; sourceTree = "<group>"; };
		E1A77CB1165D39F9009FF8F3 /* AppDelegate.mm */ = {isa = PBXFileReference; lastKnownFileType = sourcecode.cpp.objcpp; path = AppDelegate.mm; sourceTree = "<group>"; };
		E1A77CB4165D39F9009FF8F3 /* en */ = {isa = PBXFileReference; lastKnownFileType = file.xib; name = en; path = en.lproj/MainMenu.xib; sourceTree = "<group>"; };
		E1A77CC9165D528A009FF8F3 /* kapusha.framework */ = {isa = PBXFileReference; explicitFileType = wrapper.framework; includeInIndex = 0; path = kapusha.framework; sourceTree = BUILT_PRODUCTS_DIR; };
		E1A77CCD165D528A009FF8F3 /* kapusha-Info.plist */ = {isa = PBXFileReference; lastKnownFileType = text.plist.xml; path = "kapusha-Info.plist"; sourceTree = "<group>"; };
		E1A77CCF165D528A009FF8F3 /* en */ = {isa = PBXFileReference; lastKnownFileType = text.plist.strings; name = en; path = en.lproj/InfoPlist.strings; sourceTree = "<group>"; };
		E1A77CD1165D528A009FF8F3 /* kapusha-Prefix.pch */ = {isa = PBXFileReference; lastKnownFileType = sourcecode.c.h; path = "kapusha-Prefix.pch"; sourceTree = "<group>"; };
		E1BD0C1D164F72A900A3454C /* Render.h */ = {isa = PBXFileReference; lastKnownFileType = sourcecode.c.h; path = Render.h; sourceTree = "<group>"; };
		E1E74B60164436330038E873 /* Material.cpp */ = {isa = PBXFileReference; fileEncoding = 4; lastKnownFileType = sourcecode.cpp.cpp; path = Material.cpp; sourceTree = "<group>"; };
		E1E74B61164436330038E873 /* Material.h */ = {isa = PBXFileReference; fileEncoding = 4; lastKnownFileType = sourcecode.c.h; path = Material.h; sourceTree = "<group>"; };
		E1E74B6816444BBA0038E873 /* Camera.cpp */ = {isa = PBXFileReference; fileEncoding = 4; lastKnownFileType = sourcecode.cpp.cpp; path = Camera.cpp; sourceTree = "<group>"; };
		E1E74B6916444BBA0038E873 /* Camera.h */ = {isa = PBXFileReference; fileEncoding = 4; lastKnownFileType = sourcecode.c.h; path = Camera.h; sourceTree = "<group>"; };
		E1E74B6D164454B30038E873 /* vec3.h */ = {isa = PBXFileReference; lastKnownFileType = sourcecode.c.h; path = vec3.h; sourceTree = "<group>"; };
		E1E74B6E1644551C0038E873 /* Shared.h */ = {isa = PBXFileReference; lastKnownFileType = sourcecode.c.h; path = Shared.h; sourceTree = "<group>"; };
		E1E74B6F164462670038E873 /* Object.cpp */ = {isa = PBXFileReference; fileEncoding = 4; lastKnownFileType = sourcecode.cpp.cpp; path = Object.cpp; sourceTree = "<group>"; };
		E1E74B70164462670038E873 /* Object.h */ = {isa = PBXFileReference; fileEncoding = 4; lastKnownFileType = sourcecode.c.h; path = Object.h; sourceTree = "<group>"; };
		E1E74B73164594C10038E873 /* flyby_static_geometry.cpp */ = {isa = PBXFileReference; lastKnownFileType = sourcecode.cpp.cpp; path = flyby_static_geometry.cpp; sourceTree = "<group>"; };
/* End PBXFileReference section */

/* Begin PBXFrameworksBuildPhase section */
		E1993170164E141500E8D9CB /* Frameworks */ = {
			isa = PBXFrameworksBuildPhase;
			buildActionMask = 2147483647;
			files = (
				E19931B3164E14F400E8D9CB /* libkapusha.a in Frameworks */,
				E1993176164E141500E8D9CB /* UIKit.framework in Frameworks */,
				E1993178164E141500E8D9CB /* Foundation.framework in Frameworks */,
				E199317A164E141500E8D9CB /* CoreGraphics.framework in Frameworks */,
				E199317C164E141500E8D9CB /* GLKit.framework in Frameworks */,
				E199317E164E141500E8D9CB /* OpenGLES.framework in Frameworks */,
			);
			runOnlyForDeploymentPostprocessing = 0;
		};
		E19931A4164E144F00E8D9CB /* Frameworks */ = {
			isa = PBXFrameworksBuildPhase;
			buildActionMask = 2147483647;
			files = (
				E19931C9164E4F5800E8D9CB /* OpenGLES.framework in Frameworks */,
				E19931A8164E144F00E8D9CB /* Foundation.framework in Frameworks */,
			);
			runOnlyForDeploymentPostprocessing = 0;
		};
		E1A77C9E165D39F9009FF8F3 /* Frameworks */ = {
			isa = PBXFrameworksBuildPhase;
			buildActionMask = 2147483647;
			files = (
				E1A77CFE165D5741009FF8F3 /* kapusha.framework in Frameworks */,
				E1A77CBB165D3ADA009FF8F3 /* OpenGL.framework in Frameworks */,
				E1A77CA3165D39F9009FF8F3 /* Cocoa.framework in Frameworks */,
			);
			runOnlyForDeploymentPostprocessing = 0;
		};
		E1A77CC5165D528A009FF8F3 /* Frameworks */ = {
			isa = PBXFrameworksBuildPhase;
			buildActionMask = 2147483647;
			files = (
				E1A77CEF165D52D3009FF8F3 /* OpenGL.framework in Frameworks */,
				E1A77CCA165D528A009FF8F3 /* Cocoa.framework in Frameworks */,
			);
			runOnlyForDeploymentPostprocessing = 0;
		};
/* End PBXFrameworksBuildPhase section */

/* Begin PBXGroup section */
		E18DDFC7163D8ED100869CF5 = {
			isa = PBXGroup;
			children = (
				E18DDFEB163D8EED00869CF5 /* core */,
				E18DDFDE163D8EED00869CF5 /* io */,
				E18DDFE3163D8EED00869CF5 /* math */,
				E18DDFD3163D8EED00869CF5 /* render */,
				E18DE038163D923000869CF5 /* samples */,
				E1A77CFD165D5531009FF8F3 /* sys */,
				E18DDFF7163D8F3A00869CF5 /* Frameworks */,
				E18DDFF6163D8F3A00869CF5 /* Products */,
			);
			sourceTree = "<group>";
		};
		E18DDFD3163D8EED00869CF5 /* render */ = {
			isa = PBXGroup;
			children = (
				E1BD0C1D164F72A900A3454C /* Render.h */,
				E18DDFD6163D8EED00869CF5 /* Batch.cpp */,
				E18DDFD7163D8EED00869CF5 /* Batch.h */,
				E18DDFD4163D8EED00869CF5 /* Buffer.cpp */,
				E18DDFD5163D8EED00869CF5 /* Buffer.h */,
				E1E74B6816444BBA0038E873 /* Camera.cpp */,
				E1E74B6916444BBA0038E873 /* Camera.h */,
				E1E74B60164436330038E873 /* Material.cpp */,
				E1E74B61164436330038E873 /* Material.h */,
				E1E74B6F164462670038E873 /* Object.cpp */,
				E1E74B70164462670038E873 /* Object.h */,
				E18DDFD8163D8EED00869CF5 /* OpenGL.cpp */,
				E18DDFD9163D8EED00869CF5 /* OpenGL.h */,
				E18DDFDA163D8EED00869CF5 /* Program.cpp */,
				E18DDFDB163D8EED00869CF5 /* Program.h */,
				E18DDFDC163D8EED00869CF5 /* Texture.cpp */,
				E18DDFDD163D8EED00869CF5 /* Texture.h */,
			);
			name = render;
			path = src/render;
			sourceTree = "<group>";
		};
		E18DDFDE163D8EED00869CF5 /* io */ = {
			isa = PBXGroup;
			children = (
				E18DDFDF163D8EED00869CF5 /* Stream.cpp */,
				E18DDFE0163D8EED00869CF5 /* Stream.h */,
				E18DE05C163D9E4600869CF5 /* StreamFile.h */,
				E18DE05A163D9C9A00869CF5 /* StreamFile_posix.cpp */,
				E18DE044163D9BE500869CF5 /* StreamFile_posix.h */,
				E18DDFE1163D8EED00869CF5 /* StreamFile_win.cpp */,
				E18DDFE2163D8EED00869CF5 /* StreamFile_win.h */,
			);
			name = io;
			path = src/io;
			sourceTree = "<group>";
		};
		E18DDFE3163D8EED00869CF5 /* math */ = {
			isa = PBXGroup;
			children = (
				E18DDFE4163D8EED00869CF5 /* mat2.h */,
				E18DDFE5163D8EED00869CF5 /* mat4.h */,
				E18DDFE6163D8EED00869CF5 /* math.cpp */,
				E18DDFE7163D8EED00869CF5 /* rect2.h */,
				E18DDFE8163D8EED00869CF5 /* types.h */,
				E18DDFE9163D8EED00869CF5 /* vec2.h */,
				E1E74B6D164454B30038E873 /* vec3.h */,
				E18DDFEA163D8EED00869CF5 /* vec4.h */,
			);
			name = math;
			path = src/math;
			sourceTree = "<group>";
		};
		E18DDFEB163D8EED00869CF5 /* core */ = {
			isa = PBXGroup;
			children = (
				E1E74B6E1644551C0038E873 /* Shared.h */,
				E18DDFEC163D8EED00869CF5 /* IViewport.h */,
				E18DDFED163D8EED00869CF5 /* Log.cpp */,
				E18DDFEE163D8EED00869CF5 /* Log.h */,
				E18DDFEF163D8EED00869CF5 /* Core.h */,
				E15E63F9165E84150032BBC2 /* Input.cpp */,
				E15E63FA165E84150032BBC2 /* Input.h */,
			);
			name = core;
			path = src/core;
			sourceTree = "<group>";
		};
		E18DDFF6163D8F3A00869CF5 /* Products */ = {
			isa = PBXGroup;
			children = (
				E1993173164E141500E8D9CB /* samples-ios.app */,
				E19931A7164E144F00E8D9CB /* libkapusha.a */,
				E1A77CA1165D39F9009FF8F3 /* kapusha-samples.app */,
				E1A77CC9165D528A009FF8F3 /* kapusha.framework */,
			);
			name = Products;
			sourceTree = "<group>";
		};
		E18DDFF7163D8F3A00869CF5 /* Frameworks */ = {
			isa = PBXGroup;
			children = (
				E19931C8164E4F5800E8D9CB /* OpenGLES.framework */,
				E18DE042163D925600869CF5 /* GLUT.framework */,
				E18DE007163D8F5400869CF5 /* OpenGL.framework */,
				E18DDFF8163D8F3A00869CF5 /* Cocoa.framework */,
				E1993175164E141500E8D9CB /* UIKit.framework */,
				E1993177164E141500E8D9CB /* Foundation.framework */,
				E1993179164E141500E8D9CB /* CoreGraphics.framework */,
				E199317B164E141500E8D9CB /* GLKit.framework */,
				E199317D164E141500E8D9CB /* OpenGLES.framework */,
				E18DDFFA163D8F3A00869CF5 /* Other Frameworks */,
			);
			name = Frameworks;
			sourceTree = "<group>";
		};
		E18DDFFA163D8F3A00869CF5 /* Other Frameworks */ = {
			isa = PBXGroup;
			children = (
				E18DDFFB163D8F3B00869CF5 /* AppKit.framework */,
				E18DDFFC163D8F3B00869CF5 /* CoreData.framework */,
				E18DDFFD163D8F3B00869CF5 /* Foundation.framework */,
			);
			name = "Other Frameworks";
			sourceTree = "<group>";
		};
		E18DE038163D923000869CF5 /* samples */ = {
			isa = PBXGroup;
			children = (
				E1A77CA4165D39F9009FF8F3 /* osx */,
				E199317F164E141500E8D9CB /* ios */,
				E18DE039163D923000869CF5 /* fsquad.cpp */,
				E1E74B73164594C10038E873 /* flyby_static_geometry.cpp */,
			);
			name = samples;
			path = src/samples;
			sourceTree = "<group>";
		};
		E199317F164E141500E8D9CB /* ios */ = {
			isa = PBXGroup;
			children = (
				E1993188164E141500E8D9CB /* AppDelegate.h */,
				E1993189164E141500E8D9CB /* AppDelegate.mm */,
				E1993195164E141500E8D9CB /* ViewController.h */,
				E1993196164E141500E8D9CB /* ViewController.mm */,
				E1993180164E141500E8D9CB /* Supporting Files */,
			);
			path = ios;
			sourceTree = "<group>";
		};
		E1993180164E141500E8D9CB /* Supporting Files */ = {
			isa = PBXGroup;
			children = (
				E1993181164E141500E8D9CB /* kapusha-samples-Info.plist */,
				E1993182164E141500E8D9CB /* InfoPlist.strings */,
				E1993185164E141500E8D9CB /* main.mm */,
				E1993187164E141500E8D9CB /* kapusha-samples-Prefix.pch */,
				E199318B164E141500E8D9CB /* Default.png */,
				E199318D164E141500E8D9CB /* Default@2x.png */,
				E199318F164E141500E8D9CB /* Default-568h@2x.png */,
			);
			name = "Supporting Files";
			sourceTree = "<group>";
		};
		E1A77CA4165D39F9009FF8F3 /* osx */ = {
			isa = PBXGroup;
			children = (
				E1A77CB0165D39F9009FF8F3 /* AppDelegate.h */,
				E1A77CB1165D39F9009FF8F3 /* AppDelegate.mm */,
				E1A77CB3165D39F9009FF8F3 /* MainMenu.xib */,
				E1A77CA5165D39F9009FF8F3 /* Supporting Files */,
			);
			path = osx;
			sourceTree = "<group>";
		};
		E1A77CA5165D39F9009FF8F3 /* Supporting Files */ = {
			isa = PBXGroup;
			children = (
				E1A77CA6165D39F9009FF8F3 /* kapusha-samples-Info.plist */,
				E1A77CA7165D39F9009FF8F3 /* InfoPlist.strings */,
				E1A77CAA165D39F9009FF8F3 /* main.m */,
				E1A77CAC165D39F9009FF8F3 /* kapusha-samples-Prefix.pch */,
				E1A77CAD165D39F9009FF8F3 /* Credits.rtf */,
			);
			name = "Supporting Files";
			sourceTree = "<group>";
		};
		E1A77CCB165D528A009FF8F3 /* osx */ = {
			isa = PBXGroup;
			children = (
				E1A77CCD165D528A009FF8F3 /* kapusha-Info.plist */,
				E1A77CCE165D528A009FF8F3 /* InfoPlist.strings */,
				E1A77CD1165D528A009FF8F3 /* kapusha-Prefix.pch */,
				E14B5356165D59F300B55FEC /* KPView.h */,
				E14B5357165D59F300B55FEC /* KPView.mm */,
			);
			path = osx;
			sourceTree = "<group>";
		};
		E1A77CFD165D5531009FF8F3 /* sys */ = {
			isa = PBXGroup;
			children = (
				E1A77CCB165D528A009FF8F3 /* osx */,
			);
			name = sys;
			path = src/sys;
			sourceTree = "<group>";
		};
/* End PBXGroup section */

/* Begin PBXHeadersBuildPhase section */
		E1A77CC6165D528A009FF8F3 /* Headers */ = {
			isa = PBXHeadersBuildPhase;
			buildActionMask = 2147483647;
			files = (
				E1A77CD8165D52BE009FF8F3 /* Render.h in Headers */,
				E1A77CD9165D52BE009FF8F3 /* Batch.h in Headers */,
				E1A77CDA165D52BE009FF8F3 /* Buffer.h in Headers */,
				E1A77CDB165D52BE009FF8F3 /* Camera.h in Headers */,
				E1A77CDC165D52BE009FF8F3 /* Material.h in Headers */,
				E1A77CDD165D52BE009FF8F3 /* Object.h in Headers */,
				E1A77CDE165D52BE009FF8F3 /* OpenGL.h in Headers */,
				E1A77CDF165D52BE009FF8F3 /* Program.h in Headers */,
				E1A77CE0165D52BE009FF8F3 /* Texture.h in Headers */,
				E1A77CE1165D52BE009FF8F3 /* Stream.h in Headers */,
				E1A77CE2165D52BE009FF8F3 /* StreamFile.h in Headers */,
				E1A77CE3165D52BE009FF8F3 /* StreamFile_posix.h in Headers */,
				E1A77CE4165D52BE009FF8F3 /* mat2.h in Headers */,
				E1A77CE5165D52BE009FF8F3 /* mat4.h in Headers */,
				E1A77CE6165D52BE009FF8F3 /* rect2.h in Headers */,
				E1A77CE7165D52BE009FF8F3 /* types.h in Headers */,
				E1A77CE8165D52BE009FF8F3 /* vec2.h in Headers */,
				E1A77CE9165D52BE009FF8F3 /* vec3.h in Headers */,
				E1A77CEA165D52BE009FF8F3 /* vec4.h in Headers */,
				E1A77CEB165D52BE009FF8F3 /* Shared.h in Headers */,
				E1A77CEC165D52BE009FF8F3 /* IViewport.h in Headers */,
				E1A77CED165D52BE009FF8F3 /* Log.h in Headers */,
				E1A77CEE165D52BE009FF8F3 /* Core.h in Headers */,
				E14B5358165D59F300B55FEC /* KPView.h in Headers */,
				E15E63FD165E84150032BBC2 /* Input.h in Headers */,
			);
			runOnlyForDeploymentPostprocessing = 0;
		};
/* End PBXHeadersBuildPhase section */

/* Begin PBXNativeTarget section */
		E1993172164E141500E8D9CB /* samples-ios */ = {
			isa = PBXNativeTarget;
			buildConfigurationList = E19931A0164E141500E8D9CB /* Build configuration list for PBXNativeTarget "samples-ios" */;
			buildPhases = (
				E199316F164E141500E8D9CB /* Sources */,
				E1993170164E141500E8D9CB /* Frameworks */,
				E1993171164E141500E8D9CB /* Resources */,
			);
			buildRules = (
			);
			dependencies = (
			);
			name = "samples-ios";
			productName = "kapusha-samples";
			productReference = E1993173164E141500E8D9CB /* samples-ios.app */;
			productType = "com.apple.product-type.application";
		};
		E19931A6164E144F00E8D9CB /* kapusha-ios */ = {
			isa = PBXNativeTarget;
			buildConfigurationList = E19931B0164E144F00E8D9CB /* Build configuration list for PBXNativeTarget "kapusha-ios" */;
			buildPhases = (
				E19931A3164E144F00E8D9CB /* Sources */,
				E19931A4164E144F00E8D9CB /* Frameworks */,
				E19931A5164E144F00E8D9CB /* CopyFiles */,
			);
			buildRules = (
			);
			dependencies = (
			);
			name = "kapusha-ios";
			productName = kapusha;
			productReference = E19931A7164E144F00E8D9CB /* libkapusha.a */;
			productType = "com.apple.product-type.library.static";
		};
		E1A77CA0165D39F9009FF8F3 /* samples-osx */ = {
			isa = PBXNativeTarget;
			buildConfigurationList = E1A77CB8165D39F9009FF8F3 /* Build configuration list for PBXNativeTarget "samples-osx" */;
			buildPhases = (
				E1A77C9D165D39F9009FF8F3 /* Sources */,
				E1A77C9E165D39F9009FF8F3 /* Frameworks */,
				E1A77C9F165D39F9009FF8F3 /* Resources */,
			);
			buildRules = (
			);
			dependencies = (
			);
			name = "samples-osx";
			productName = "kapusha-samples-osx";
			productReference = E1A77CA1165D39F9009FF8F3 /* kapusha-samples.app */;
			productType = "com.apple.product-type.application";
		};
		E1A77CC8165D528A009FF8F3 /* kapusha-osx */ = {
			isa = PBXNativeTarget;
			buildConfigurationList = E1A77CD5165D528A009FF8F3 /* Build configuration list for PBXNativeTarget "kapusha-osx" */;
			buildPhases = (
				E1A77CC4165D528A009FF8F3 /* Sources */,
				E1A77CC5165D528A009FF8F3 /* Frameworks */,
				E1A77CC6165D528A009FF8F3 /* Headers */,
				E1A77CC7165D528A009FF8F3 /* Resources */,
			);
			buildRules = (
			);
			dependencies = (
			);
			name = "kapusha-osx";
			productName = "kapusha-osx";
			productReference = E1A77CC9165D528A009FF8F3 /* kapusha.framework */;
			productType = "com.apple.product-type.framework";
		};
/* End PBXNativeTarget section */

/* Begin PBXProject section */
		E18DDFC9163D8ED100869CF5 /* Project object */ = {
			isa = PBXProject;
			attributes = {
				LastUpgradeCheck = 0450;
			};
			buildConfigurationList = E18DDFCC163D8ED100869CF5 /* Build configuration list for PBXProject "Kapusha" */;
			compatibilityVersion = "Xcode 3.2";
			developmentRegion = English;
			hasScannedForEncodings = 0;
			knownRegions = (
				en,
			);
			mainGroup = E18DDFC7163D8ED100869CF5;
			productRefGroup = E18DDFF6163D8F3A00869CF5 /* Products */;
			projectDirPath = "";
			projectRoot = "";
			targets = (
				E19931A6164E144F00E8D9CB /* kapusha-ios */,
				E1993172164E141500E8D9CB /* samples-ios */,
				E1A77CC8165D528A009FF8F3 /* kapusha-osx */,
				E1A77CA0165D39F9009FF8F3 /* samples-osx */,
			);
		};
/* End PBXProject section */

/* Begin PBXResourcesBuildPhase section */
		E1993171164E141500E8D9CB /* Resources */ = {
			isa = PBXResourcesBuildPhase;
			buildActionMask = 2147483647;
			files = (
				E1993184164E141500E8D9CB /* InfoPlist.strings in Resources */,
				E199318C164E141500E8D9CB /* Default.png in Resources */,
				E199318E164E141500E8D9CB /* Default@2x.png in Resources */,
				E1993190164E141500E8D9CB /* Default-568h@2x.png in Resources */,
			);
			runOnlyForDeploymentPostprocessing = 0;
		};
		E1A77C9F165D39F9009FF8F3 /* Resources */ = {
			isa = PBXResourcesBuildPhase;
			buildActionMask = 2147483647;
			files = (
				E1A77CA9165D39F9009FF8F3 /* InfoPlist.strings in Resources */,
				E1A77CAF165D39F9009FF8F3 /* Credits.rtf in Resources */,
				E1A77CB5165D39F9009FF8F3 /* MainMenu.xib in Resources */,
			);
			runOnlyForDeploymentPostprocessing = 0;
		};
		E1A77CC7165D528A009FF8F3 /* Resources */ = {
			isa = PBXResourcesBuildPhase;
			buildActionMask = 2147483647;
			files = (
				E1A77CD0165D528A009FF8F3 /* InfoPlist.strings in Resources */,
			);
			runOnlyForDeploymentPostprocessing = 0;
		};
/* End PBXResourcesBuildPhase section */

/* Begin PBXSourcesBuildPhase section */
		E199316F164E141500E8D9CB /* Sources */ = {
			isa = PBXSourcesBuildPhase;
			buildActionMask = 2147483647;
			files = (
				E1993186164E141500E8D9CB /* main.mm in Sources */,
				E199318A164E141500E8D9CB /* AppDelegate.mm in Sources */,
				E1993197164E141500E8D9CB /* ViewController.mm in Sources */,
				E19931CA164E97C400E8D9CB /* fsquad.cpp in Sources */,
				E19931CB164E97C400E8D9CB /* flyby_static_geometry.cpp in Sources */,
			);
			runOnlyForDeploymentPostprocessing = 0;
		};
		E19931A3164E144F00E8D9CB /* Sources */ = {
			isa = PBXSourcesBuildPhase;
			buildActionMask = 2147483647;
			files = (
				E19931C7164E4ED900E8D9CB /* Log.cpp in Sources */,
				E19931BB164E4EB800E8D9CB /* Batch.cpp in Sources */,
				E19931BC164E4EC000E8D9CB /* Buffer.cpp in Sources */,
				E19931BD164E4EC000E8D9CB /* Camera.cpp in Sources */,
				E19931BE164E4EC000E8D9CB /* Material.cpp in Sources */,
				E19931BF164E4EC000E8D9CB /* Object.cpp in Sources */,
				E19931C0164E4EC000E8D9CB /* OpenGL.cpp in Sources */,
				E19931C1164E4EC000E8D9CB /* Program.cpp in Sources */,
				E19931C2164E4EC000E8D9CB /* Texture.cpp in Sources */,
				E19931C3164E4EC700E8D9CB /* Stream.cpp in Sources */,
				E19931C4164E4EC700E8D9CB /* StreamFile_posix.cpp in Sources */,
				E19931C5164E4ECC00E8D9CB /* math.cpp in Sources */,
				E15E63FB165E84150032BBC2 /* Input.cpp in Sources */,
			);
			runOnlyForDeploymentPostprocessing = 0;
		};
		E1A77C9D165D39F9009FF8F3 /* Sources */ = {
			isa = PBXSourcesBuildPhase;
			buildActionMask = 2147483647;
			files = (
				E14B536C165D5C4500B55FEC /* fsquad.cpp in Sources */,
				E14B536D165D5C4500B55FEC /* flyby_static_geometry.cpp in Sources */,
				E1A77CAB165D39F9009FF8F3 /* main.m in Sources */,
				E1A77CB2165D39F9009FF8F3 /* AppDelegate.mm in Sources */,
			);
			runOnlyForDeploymentPostprocessing = 0;
		};
		E1A77CC4165D528A009FF8F3 /* Sources */ = {
			isa = PBXSourcesBuildPhase;
			buildActionMask = 2147483647;
			files = (
				E1A77CF0165D54DB009FF8F3 /* Batch.cpp in Sources */,
				E1A77CF1165D54DB009FF8F3 /* Buffer.cpp in Sources */,
				E1A77CF2165D54DB009FF8F3 /* Camera.cpp in Sources */,
				E1A77CF3165D54DB009FF8F3 /* Material.cpp in Sources */,
				E1A77CF4165D54DB009FF8F3 /* Object.cpp in Sources */,
				E1A77CF5165D54DB009FF8F3 /* OpenGL.cpp in Sources */,
				E1A77CF6165D54DB009FF8F3 /* Program.cpp in Sources */,
				E1A77CF7165D54DB009FF8F3 /* Texture.cpp in Sources */,
				E1A77CF8165D54DB009FF8F3 /* Stream.cpp in Sources */,
				E1A77CF9165D54DB009FF8F3 /* StreamFile_posix.cpp in Sources */,
				E1A77CFA165D54DB009FF8F3 /* math.cpp in Sources */,
				E1A77CFC165D54DB009FF8F3 /* Log.cpp in Sources */,
				E14B5359165D59F300B55FEC /* KPView.mm in Sources */,
				E15E63FC165E84150032BBC2 /* Input.cpp in Sources */,
			);
			runOnlyForDeploymentPostprocessing = 0;
		};
/* End PBXSourcesBuildPhase section */

/* Begin PBXVariantGroup section */
		E1993182164E141500E8D9CB /* InfoPlist.strings */ = {
			isa = PBXVariantGroup;
			children = (
				E1993183164E141500E8D9CB /* en */,
			);
			name = InfoPlist.strings;
			sourceTree = "<group>";
		};
		E1A77CA7165D39F9009FF8F3 /* InfoPlist.strings */ = {
			isa = PBXVariantGroup;
			children = (
				E1A77CA8165D39F9009FF8F3 /* en */,
			);
			name = InfoPlist.strings;
			sourceTree = "<group>";
		};
		E1A77CAD165D39F9009FF8F3 /* Credits.rtf */ = {
			isa = PBXVariantGroup;
			children = (
				E1A77CAE165D39F9009FF8F3 /* en */,
			);
			name = Credits.rtf;
			sourceTree = "<group>";
		};
		E1A77CB3165D39F9009FF8F3 /* MainMenu.xib */ = {
			isa = PBXVariantGroup;
			children = (
				E1A77CB4165D39F9009FF8F3 /* en */,
			);
			name = MainMenu.xib;
			sourceTree = "<group>";
		};
		E1A77CCE165D528A009FF8F3 /* InfoPlist.strings */ = {
			isa = PBXVariantGroup;
			children = (
				E1A77CCF165D528A009FF8F3 /* en */,
			);
			name = InfoPlist.strings;
			sourceTree = "<group>";
		};
/* End PBXVariantGroup section */

/* Begin XCBuildConfiguration section */
		E18DDFCE163D8ED100869CF5 /* Debug */ = {
			isa = XCBuildConfiguration;
			buildSettings = {
			};
			name = Debug;
		};
		E18DDFCF163D8ED100869CF5 /* Release */ = {
			isa = XCBuildConfiguration;
			buildSettings = {
			};
			name = Release;
		};
		E199319E164E141500E8D9CB /* Debug */ = {
			isa = XCBuildConfiguration;
			buildSettings = {
				ALWAYS_SEARCH_USER_PATHS = NO;
				CLANG_CXX_LANGUAGE_STANDARD = "gnu++0x";
				CLANG_CXX_LIBRARY = "libc++";
				CLANG_WARN_EMPTY_BODY = YES;
				CLANG_WARN__DUPLICATE_METHOD_MATCH = YES;
				"CODE_SIGN_IDENTITY[sdk=iphoneos*]" = "iPhone Developer";
				COPY_PHASE_STRIP = NO;
				FRAMEWORK_SEARCH_PATHS = (
					"$(inherited)",
					"\"$(SYSTEM_APPS_DIR)/Xcode.app/Contents/Developer/Library/Frameworks\"",
				);
				GCC_C_LANGUAGE_STANDARD = gnu99;
				GCC_DYNAMIC_NO_PIC = NO;
				GCC_OPTIMIZATION_LEVEL = 0;
				GCC_PRECOMPILE_PREFIX_HEADER = YES;
				GCC_PREFIX_HEADER = "kapusha-samples/kapusha-samples-Prefix.pch";
				GCC_PREPROCESSOR_DEFINITIONS = (
					"DEBUG=1",
					"$(inherited)",
				);
				GCC_SYMBOLS_PRIVATE_EXTERN = NO;
				GCC_WARN_ABOUT_RETURN_TYPE = YES;
				GCC_WARN_UNINITIALIZED_AUTOS = YES;
				GCC_WARN_UNUSED_VARIABLE = YES;
				INFOPLIST_FILE = "kapusha-samples/kapusha-samples-Info.plist";
				IPHONEOS_DEPLOYMENT_TARGET = 6.0;
				ONLY_ACTIVE_ARCH = YES;
				PRODUCT_NAME = "$(TARGET_NAME)";
				SDKROOT = iphoneos;
				TARGETED_DEVICE_FAMILY = "1,2";
				WRAPPER_EXTENSION = app;
			};
			name = Debug;
		};
		E199319F164E141500E8D9CB /* Release */ = {
			isa = XCBuildConfiguration;
			buildSettings = {
				ALWAYS_SEARCH_USER_PATHS = NO;
				CLANG_CXX_LANGUAGE_STANDARD = "gnu++0x";
				CLANG_CXX_LIBRARY = "libc++";
				CLANG_WARN_EMPTY_BODY = YES;
				CLANG_WARN__DUPLICATE_METHOD_MATCH = YES;
				"CODE_SIGN_IDENTITY[sdk=iphoneos*]" = "iPhone Developer";
				COPY_PHASE_STRIP = YES;
				FRAMEWORK_SEARCH_PATHS = (
					"$(inherited)",
					"\"$(SYSTEM_APPS_DIR)/Xcode.app/Contents/Developer/Library/Frameworks\"",
				);
				GCC_C_LANGUAGE_STANDARD = gnu99;
				GCC_PRECOMPILE_PREFIX_HEADER = YES;
				GCC_PREFIX_HEADER = "kapusha-samples/kapusha-samples-Prefix.pch";
				GCC_WARN_ABOUT_RETURN_TYPE = YES;
				GCC_WARN_UNINITIALIZED_AUTOS = YES;
				GCC_WARN_UNUSED_VARIABLE = YES;
				INFOPLIST_FILE = "kapusha-samples/kapusha-samples-Info.plist";
				IPHONEOS_DEPLOYMENT_TARGET = 6.0;
				OTHER_CFLAGS = "-DNS_BLOCK_ASSERTIONS=1";
				PRODUCT_NAME = "$(TARGET_NAME)";
				SDKROOT = iphoneos;
				TARGETED_DEVICE_FAMILY = "1,2";
				VALIDATE_PRODUCT = YES;
				WRAPPER_EXTENSION = app;
			};
			name = Release;
		};
		E19931B1164E144F00E8D9CB /* Debug */ = {
			isa = XCBuildConfiguration;
			buildSettings = {
				ALWAYS_SEARCH_USER_PATHS = NO;
				CLANG_CXX_LANGUAGE_STANDARD = "gnu++0x";
				CLANG_CXX_LIBRARY = "libc++";
				CLANG_WARN_EMPTY_BODY = YES;
				CLANG_WARN__DUPLICATE_METHOD_MATCH = YES;
				COPY_PHASE_STRIP = NO;
				DSTROOT = /tmp/kapusha.dst;
				FRAMEWORK_SEARCH_PATHS = (
					"$(inherited)",
					"\"$(SYSTEM_APPS_DIR)/Xcode.app/Contents/Developer/Library/Frameworks\"",
				);
				GCC_C_LANGUAGE_STANDARD = gnu99;
				GCC_DYNAMIC_NO_PIC = NO;
				GCC_OPTIMIZATION_LEVEL = 0;
				GCC_PREPROCESSOR_DEFINITIONS = (
					"DEBUG=1",
					"$(inherited)",
				);
				GCC_SYMBOLS_PRIVATE_EXTERN = NO;
				GCC_TREAT_WARNINGS_AS_ERRORS = YES;
				GCC_WARN_ABOUT_RETURN_TYPE = YES;
				GCC_WARN_PEDANTIC = YES;
				GCC_WARN_UNINITIALIZED_AUTOS = YES;
				GCC_WARN_UNUSED_VARIABLE = YES;
				IPHONEOS_DEPLOYMENT_TARGET = 6.0;
				ONLY_ACTIVE_ARCH = YES;
				OTHER_LDFLAGS = "-ObjC";
				PRODUCT_NAME = kapusha;
				SDKROOT = iphoneos;
				SKIP_INSTALL = YES;
			};
			name = Debug;
		};
		E19931B2164E144F00E8D9CB /* Release */ = {
			isa = XCBuildConfiguration;
			buildSettings = {
				ALWAYS_SEARCH_USER_PATHS = NO;
				CLANG_CXX_LANGUAGE_STANDARD = "gnu++0x";
				CLANG_CXX_LIBRARY = "libc++";
				CLANG_WARN_EMPTY_BODY = YES;
				CLANG_WARN__DUPLICATE_METHOD_MATCH = YES;
				COPY_PHASE_STRIP = YES;
				DSTROOT = /tmp/kapusha.dst;
				FRAMEWORK_SEARCH_PATHS = (
					"$(inherited)",
					"\"$(SYSTEM_APPS_DIR)/Xcode.app/Contents/Developer/Library/Frameworks\"",
				);
				GCC_C_LANGUAGE_STANDARD = gnu99;
				GCC_TREAT_WARNINGS_AS_ERRORS = YES;
				GCC_WARN_ABOUT_RETURN_TYPE = YES;
				GCC_WARN_PEDANTIC = YES;
				GCC_WARN_UNINITIALIZED_AUTOS = YES;
				GCC_WARN_UNUSED_VARIABLE = YES;
				IPHONEOS_DEPLOYMENT_TARGET = 6.0;
				OTHER_LDFLAGS = "-ObjC";
				PRODUCT_NAME = kapusha;
				SDKROOT = iphoneos;
				SKIP_INSTALL = YES;
				VALIDATE_PRODUCT = YES;
			};
			name = Release;
		};
		E1A77CB6165D39F9009FF8F3 /* Debug */ = {
			isa = XCBuildConfiguration;
			buildSettings = {
				ALWAYS_SEARCH_USER_PATHS = NO;
				ARCHS = "$(ARCHS_STANDARD_64_BIT)";
				CLANG_CXX_LANGUAGE_STANDARD = "gnu++0x";
				CLANG_CXX_LIBRARY = "libc++";
				CLANG_WARN_EMPTY_BODY = YES;
				CLANG_WARN__DUPLICATE_METHOD_MATCH = YES;
				COMBINE_HIDPI_IMAGES = YES;
				COPY_PHASE_STRIP = NO;
				GCC_C_LANGUAGE_STANDARD = gnu99;
				GCC_DYNAMIC_NO_PIC = NO;
				GCC_ENABLE_CPP_EXCEPTIONS = NO;
				GCC_ENABLE_CPP_RTTI = NO;
				GCC_ENABLE_OBJC_EXCEPTIONS = YES;
				GCC_OPTIMIZATION_LEVEL = 0;
				GCC_PRECOMPILE_PREFIX_HEADER = YES;
				GCC_PREFIX_HEADER = "src/samples/osx/kapusha-samples-Prefix.pch";
				GCC_PREPROCESSOR_DEFINITIONS = (
					"DEBUG=1",
					"$(inherited)",
				);
				GCC_SYMBOLS_PRIVATE_EXTERN = NO;
				GCC_WARN_64_TO_32_BIT_CONVERSION = YES;
				GCC_WARN_ABOUT_RETURN_TYPE = YES;
				GCC_WARN_UNINITIALIZED_AUTOS = YES;
				GCC_WARN_UNUSED_VARIABLE = YES;
				INFOPLIST_FILE = "src/samples/osx/kapusha-samples-Info.plist";
				MACOSX_DEPLOYMENT_TARGET = 10.8;
				ONLY_ACTIVE_ARCH = YES;
				PRODUCT_NAME = "kapusha-samples";
				SDKROOT = macosx;
				WRAPPER_EXTENSION = app;
			};
			name = Debug;
		};
		E1A77CB7165D39F9009FF8F3 /* Release */ = {
			isa = XCBuildConfiguration;
			buildSettings = {
				ALWAYS_SEARCH_USER_PATHS = NO;
				ARCHS = "$(ARCHS_STANDARD_64_BIT)";
				CLANG_CXX_LANGUAGE_STANDARD = "gnu++0x";
				CLANG_CXX_LIBRARY = "libc++";
				CLANG_WARN_EMPTY_BODY = YES;
				CLANG_WARN__DUPLICATE_METHOD_MATCH = YES;
				COMBINE_HIDPI_IMAGES = YES;
				COPY_PHASE_STRIP = YES;
				DEBUG_INFORMATION_FORMAT = "dwarf-with-dsym";
				GCC_C_LANGUAGE_STANDARD = gnu99;
				GCC_ENABLE_CPP_EXCEPTIONS = NO;
				GCC_ENABLE_CPP_RTTI = NO;
				GCC_ENABLE_OBJC_EXCEPTIONS = YES;
				GCC_PRECOMPILE_PREFIX_HEADER = YES;
				GCC_PREFIX_HEADER = "src/samples/osx/kapusha-samples-Prefix.pch";
				GCC_WARN_64_TO_32_BIT_CONVERSION = YES;
				GCC_WARN_ABOUT_RETURN_TYPE = YES;
				GCC_WARN_UNINITIALIZED_AUTOS = YES;
				GCC_WARN_UNUSED_VARIABLE = YES;
				INFOPLIST_FILE = "src/samples/osx/kapusha-samples-Info.plist";
				MACOSX_DEPLOYMENT_TARGET = 10.8;
				PRODUCT_NAME = "kapusha-samples";
				SDKROOT = macosx;
				WRAPPER_EXTENSION = app;
			};
			name = Release;
		};
		E1A77CD6165D528A009FF8F3 /* Debug */ = {
			isa = XCBuildConfiguration;
			buildSettings = {
				ALWAYS_SEARCH_USER_PATHS = NO;
				ARCHS = "$(ARCHS_STANDARD_64_BIT)";
				CLANG_CXX_LANGUAGE_STANDARD = "gnu++0x";
				CLANG_CXX_LIBRARY = "libc++";
				CLANG_WARN_EMPTY_BODY = YES;
				CLANG_WARN__DUPLICATE_METHOD_MATCH = YES;
				COMBINE_HIDPI_IMAGES = YES;
				COPY_PHASE_STRIP = NO;
				DYLIB_COMPATIBILITY_VERSION = 1;
				DYLIB_CURRENT_VERSION = 1;
				FRAMEWORK_VERSION = A;
				GCC_C_LANGUAGE_STANDARD = gnu99;
				GCC_DYNAMIC_NO_PIC = NO;
				GCC_ENABLE_CPP_EXCEPTIONS = NO;
				GCC_ENABLE_CPP_RTTI = NO;
				GCC_ENABLE_OBJC_EXCEPTIONS = NO;
				GCC_OPTIMIZATION_LEVEL = 0;
				GCC_PRECOMPILE_PREFIX_HEADER = YES;
				GCC_PREFIX_HEADER = "src/sys/osx/kapusha-Prefix.pch";
				GCC_PREPROCESSOR_DEFINITIONS = (
					"DEBUG=1",
					"$(inherited)",
				);
				GCC_SYMBOLS_PRIVATE_EXTERN = NO;
				GCC_TREAT_WARNINGS_AS_ERRORS = YES;
				GCC_WARN_64_TO_32_BIT_CONVERSION = YES;
				GCC_WARN_ABOUT_RETURN_TYPE = YES;
				GCC_WARN_UNINITIALIZED_AUTOS = YES;
				GCC_WARN_UNUSED_VARIABLE = YES;
				INFOPLIST_FILE = "src/sys/osx/kapusha-Info.plist";
				MACOSX_DEPLOYMENT_TARGET = 10.8;
				ONLY_ACTIVE_ARCH = YES;
				PRODUCT_NAME = kapusha;
				SDKROOT = macosx;
				WRAPPER_EXTENSION = framework;
			};
			name = Debug;
		};
		E1A77CD7165D528A009FF8F3 /* Release */ = {
			isa = XCBuildConfiguration;
			buildSettings = {
				ALWAYS_SEARCH_USER_PATHS = NO;
				ARCHS = "$(ARCHS_STANDARD_64_BIT)";
				CLANG_CXX_LANGUAGE_STANDARD = "gnu++0x";
				CLANG_CXX_LIBRARY = "libc++";
				CLANG_WARN_EMPTY_BODY = YES;
				CLANG_WARN__DUPLICATE_METHOD_MATCH = YES;
				COMBINE_HIDPI_IMAGES = YES;
				COPY_PHASE_STRIP = YES;
				DEBUG_INFORMATION_FORMAT = "dwarf-with-dsym";
				DYLIB_COMPATIBILITY_VERSION = 1;
				DYLIB_CURRENT_VERSION = 1;
				FRAMEWORK_VERSION = A;
				GCC_C_LANGUAGE_STANDARD = gnu99;
				GCC_ENABLE_CPP_EXCEPTIONS = NO;
				GCC_ENABLE_CPP_RTTI = NO;
				GCC_ENABLE_OBJC_EXCEPTIONS = NO;
				GCC_PRECOMPILE_PREFIX_HEADER = YES;
				GCC_PREFIX_HEADER = "src/sys/osx/kapusha-Prefix.pch";
				GCC_TREAT_WARNINGS_AS_ERRORS = YES;
				GCC_WARN_64_TO_32_BIT_CONVERSION = YES;
				GCC_WARN_ABOUT_RETURN_TYPE = YES;
				GCC_WARN_UNINITIALIZED_AUTOS = YES;
				GCC_WARN_UNUSED_VARIABLE = YES;
				INFOPLIST_FILE = "src/sys/osx/kapusha-Info.plist";
				MACOSX_DEPLOYMENT_TARGET = 10.8;
				PRODUCT_NAME = kapusha;
				SDKROOT = macosx;
				WRAPPER_EXTENSION = framework;
			};
			name = Release;
		};
/* End XCBuildConfiguration section */

/* Begin XCConfigurationList section */
		E18DDFCC163D8ED100869CF5 /* Build configuration list for PBXProject "Kapusha" */ = {
			isa = XCConfigurationList;
			buildConfigurations = (
				E18DDFCE163D8ED100869CF5 /* Debug */,
				E18DDFCF163D8ED100869CF5 /* Release */,
			);
			defaultConfigurationIsVisible = 0;
			defaultConfigurationName = Release;
		};
		E19931A0164E141500E8D9CB /* Build configuration list for PBXNativeTarget "samples-ios" */ = {
			isa = XCConfigurationList;
			buildConfigurations = (
				E199319E164E141500E8D9CB /* Debug */,
				E199319F164E141500E8D9CB /* Release */,
			);
			defaultConfigurationIsVisible = 0;
			defaultConfigurationName = Release;
		};
		E19931B0164E144F00E8D9CB /* Build configuration list for PBXNativeTarget "kapusha-ios" */ = {
			isa = XCConfigurationList;
			buildConfigurations = (
				E19931B1164E144F00E8D9CB /* Debug */,
				E19931B2164E144F00E8D9CB /* Release */,
			);
			defaultConfigurationIsVisible = 0;
			defaultConfigurationName = Release;
		};
		E1A77CB8165D39F9009FF8F3 /* Build configuration list for PBXNativeTarget "samples-osx" */ = {
			isa = XCConfigurationList;
			buildConfigurations = (
				E1A77CB6165D39F9009FF8F3 /* Debug */,
				E1A77CB7165D39F9009FF8F3 /* Release */,
			);
			defaultConfigurationIsVisible = 0;
			defaultConfigurationName = Release;
		};
		E1A77CD5165D528A009FF8F3 /* Build configuration list for PBXNativeTarget "kapusha-osx" */ = {
			isa = XCConfigurationList;
			buildConfigurations = (
				E1A77CD6165D528A009FF8F3 /* Debug */,
				E1A77CD7165D528A009FF8F3 /* Release */,
			);
			defaultConfigurationIsVisible = 0;
			defaultConfigurationName = Release;
		};
/* End XCConfigurationList section */
	};
	rootObject = E18DDFC9163D8ED100869CF5 /* Project object */;
}
