// !$*UTF8*$!
{
	archiveVersion = 1;
	classes = {
	};
	objectVersion = 46;
	objects = {

/* Begin PBXBuildFile section */
		E131D5041662033F00B0320A /* Cocoa.framework in Frameworks */ = {isa = PBXBuildFile; fileRef = E131D5031662033F00B0320A /* Cocoa.framework */; };
		E131D5051662034600B0320A /* OpenGL.framework in Frameworks */ = {isa = PBXBuildFile; fileRef = E18DE007163D8F5400869CF5 /* OpenGL.framework */; };
		E167AACC1789E1890047DF38 /* CocoaGLContext.h in Headers */ = {isa = PBXBuildFile; fileRef = E167AACA1789E1890047DF38 /* CocoaGLContext.h */; };
		E167AAD01789E22C0047DF38 /* CocoaKeys.h in Headers */ = {isa = PBXBuildFile; fileRef = E167AACE1789E22C0047DF38 /* CocoaKeys.h */; };
		E167AAD41789E3BF0047DF38 /* CocoaPointers.h in Headers */ = {isa = PBXBuildFile; fileRef = E167AAD21789E3BF0047DF38 /* CocoaPointers.h */; };
		E1735B441972C2AA007B88FC /* assert.c in Sources */ = {isa = PBXBuildFile; fileRef = E1735B3F1972C2AA007B88FC /* assert.c */; };
		E1735B451972C2AA007B88FC /* assert.c in Sources */ = {isa = PBXBuildFile; fileRef = E1735B3F1972C2AA007B88FC /* assert.c */; };
		E1735B461972C2AA007B88FC /* log.c in Sources */ = {isa = PBXBuildFile; fileRef = E1735B401972C2AA007B88FC /* log.c */; };
		E1735B471972C2AA007B88FC /* log.c in Sources */ = {isa = PBXBuildFile; fileRef = E1735B401972C2AA007B88FC /* log.c */; };
		E1735B481972C2AA007B88FC /* math.c in Sources */ = {isa = PBXBuildFile; fileRef = E1735B421972C2AA007B88FC /* math.c */; };
		E1735B491972C2AA007B88FC /* math.c in Sources */ = {isa = PBXBuildFile; fileRef = E1735B421972C2AA007B88FC /* math.c */; };
		E1735B511972F247007B88FC /* KPSimpleAppDelegate.m in Sources */ = {isa = PBXBuildFile; fileRef = E1735B4E1972F247007B88FC /* KPSimpleAppDelegate.m */; };
		E1735B521972F247007B88FC /* main.m in Sources */ = {isa = PBXBuildFile; fileRef = E1735B4F1972F247007B88FC /* main.m */; };
		E1735B551972F631007B88FC /* mach.c in Sources */ = {isa = PBXBuildFile; fileRef = E1735B541972F631007B88FC /* mach.c */; };
		E1735B561972F631007B88FC /* mach.c in Sources */ = {isa = PBXBuildFile; fileRef = E1735B541972F631007B88FC /* mach.c */; };
		E1735B59197380F2007B88FC /* KPSimpleView.h in Headers */ = {isa = PBXBuildFile; fileRef = E1735B57197380F2007B88FC /* KPSimpleView.h */; };
		E1735B5A197380F2007B88FC /* KPSimpleView.m in Sources */ = {isa = PBXBuildFile; fileRef = E1735B58197380F2007B88FC /* KPSimpleView.m */; };
		E184ECF217848671007CDEF3 /* CoreText.framework in Frameworks */ = {isa = PBXBuildFile; fileRef = E184ECF117848671007CDEF3 /* CoreText.framework */; };
		E19931A8164E144F00E8D9CB /* Foundation.framework in Frameworks */ = {isa = PBXBuildFile; fileRef = E1993177164E141500E8D9CB /* Foundation.framework */; };
		E19931C9164E4F5800E8D9CB /* OpenGLES.framework in Frameworks */ = {isa = PBXBuildFile; fileRef = E19931C8164E4F5800E8D9CB /* OpenGLES.framework */; };
		E1BA039B1976BABE00ED0CAA /* gl.c in Sources */ = {isa = PBXBuildFile; fileRef = E1BA039A1976BABE00ED0CAA /* gl.c */; };
		E1BA039C1976BABE00ED0CAA /* gl.c in Sources */ = {isa = PBXBuildFile; fileRef = E1BA039A1976BABE00ED0CAA /* gl.c */; };
		E1DAB9BE19775DE2004718B4 /* fill.c in Sources */ = {isa = PBXBuildFile; fileRef = E1DAB9BD19775DE2004718B4 /* fill.c */; };
		E1DAB9BF19775DE2004718B4 /* fill.c in Sources */ = {isa = PBXBuildFile; fileRef = E1DAB9BD19775DE2004718B4 /* fill.c */; };
		E1DAB9DA19776570004718B4 /* Cocoa.framework in Frameworks */ = {isa = PBXBuildFile; fileRef = E131D5031662033F00B0320A /* Cocoa.framework */; };
		E1DABA0719776636004718B4 /* fill.c in Sources */ = {isa = PBXBuildFile; fileRef = E1DAB9BD19775DE2004718B4 /* fill.c */; };
		E1DABA081977663D004718B4 /* libkapusha.a in Frameworks */ = {isa = PBXBuildFile; fileRef = E131D4FF166201F400B0320A /* libkapusha.a */; };
		E1DABA0919776642004718B4 /* OpenGL.framework in Frameworks */ = {isa = PBXBuildFile; fileRef = E1DAB9CF197760C6004718B4 /* OpenGL.framework */; };
		E1EB518C17A9608700A76D62 /* CocoaViewportController.h in Headers */ = {isa = PBXBuildFile; fileRef = E1EB518A17A9608700A76D62 /* CocoaViewportController.h */; };
/* End PBXBuildFile section */

/* Begin PBXContainerItemProxy section */
		E1DABA0A19776679004718B4 /* PBXContainerItemProxy */ = {
			isa = PBXContainerItemProxy;
			containerPortal = E18DDFC9163D8ED100869CF5 /* Project object */;
			proxyType = 1;
			remoteGlobalIDString = E131D4FE166201F400B0320A;
			remoteInfo = libkapusha_osx;
		};
/* End PBXContainerItemProxy section */

/* Begin PBXCopyFilesBuildPhase section */
		E19931A5164E144F00E8D9CB /* CopyFiles */ = {
			isa = PBXCopyFilesBuildPhase;
			buildActionMask = 2147483647;
			dstPath = "include/${PRODUCT_NAME}";
			dstSubfolderSpec = 16;
			files = (
			);
			runOnlyForDeploymentPostprocessing = 0;
		};
/* End PBXCopyFilesBuildPhase section */

/* Begin PBXFileReference section */
		E131D4FF166201F400B0320A /* libkapusha.a */ = {isa = PBXFileReference; explicitFileType = archive.ar; includeInIndex = 0; path = libkapusha.a; sourceTree = BUILT_PRODUCTS_DIR; };
		E131D5031662033F00B0320A /* Cocoa.framework */ = {isa = PBXFileReference; lastKnownFileType = wrapper.framework; name = Cocoa.framework; path = Platforms/MacOSX.platform/Developer/SDKs/MacOSX10.8.sdk/System/Library/Frameworks/Cocoa.framework; sourceTree = DEVELOPER_DIR; };
		E14B5356165D59F300B55FEC /* KPView.h */ = {isa = PBXFileReference; fileEncoding = 4; lastKnownFileType = sourcecode.c.h; path = KPView.h; sourceTree = "<group>"; };
		E14B5357165D59F300B55FEC /* KPView.mm */ = {isa = PBXFileReference; fileEncoding = 4; lastKnownFileType = sourcecode.cpp.objcpp; path = KPView.mm; sourceTree = "<group>"; };
		E167AAC91789E1890047DF38 /* CocoaGLContext.mm */ = {isa = PBXFileReference; fileEncoding = 4; lastKnownFileType = sourcecode.cpp.objcpp; path = CocoaGLContext.mm; sourceTree = "<group>"; };
		E167AACA1789E1890047DF38 /* CocoaGLContext.h */ = {isa = PBXFileReference; fileEncoding = 4; lastKnownFileType = sourcecode.c.h; path = CocoaGLContext.h; sourceTree = "<group>"; };
		E167AACD1789E22C0047DF38 /* CocoaKeys.mm */ = {isa = PBXFileReference; fileEncoding = 4; lastKnownFileType = sourcecode.cpp.objcpp; path = CocoaKeys.mm; sourceTree = "<group>"; };
		E167AACE1789E22C0047DF38 /* CocoaKeys.h */ = {isa = PBXFileReference; fileEncoding = 4; lastKnownFileType = sourcecode.c.h; path = CocoaKeys.h; sourceTree = "<group>"; };
		E167AAD21789E3BF0047DF38 /* CocoaPointers.h */ = {isa = PBXFileReference; fileEncoding = 4; lastKnownFileType = sourcecode.c.h; path = CocoaPointers.h; sourceTree = "<group>"; };
		E1735B2C1972C26C007B88FC /* event.h */ = {isa = PBXFileReference; lastKnownFileType = sourcecode.c.h; path = event.h; sourceTree = "<group>"; };
		E1735B2D1972C26C007B88FC /* input.h */ = {isa = PBXFileReference; lastKnownFileType = sourcecode.c.h; path = input.h; sourceTree = "<group>"; };
		E1735B2E1972C26C007B88FC /* systems.h */ = {isa = PBXFileReference; lastKnownFileType = sourcecode.c.h; path = systems.h; sourceTree = "<group>"; };
		E1735B311972C26C007B88FC /* types.h */ = {isa = PBXFileReference; lastKnownFileType = sourcecode.c.h; path = types.h; sourceTree = "<group>"; };
		E1735B321972C26C007B88FC /* core.h */ = {isa = PBXFileReference; lastKnownFileType = sourcecode.c.h; path = core.h; sourceTree = "<group>"; };
		E1735B341972C26C007B88FC /* types.h */ = {isa = PBXFileReference; lastKnownFileType = sourcecode.c.h; path = types.h; sourceTree = "<group>"; };
		E1735B351972C26C007B88FC /* math.h */ = {isa = PBXFileReference; lastKnownFileType = sourcecode.c.h; path = math.h; sourceTree = "<group>"; };
		E1735B371972C26C007B88FC /* context.h */ = {isa = PBXFileReference; lastKnownFileType = sourcecode.c.h; path = context.h; sourceTree = "<group>"; };
		E1735B381972C26C007B88FC /* simpleton.h */ = {isa = PBXFileReference; lastKnownFileType = sourcecode.c.h; path = simpleton.h; sourceTree = "<group>"; };
		E1735B3A1972C26C007B88FC /* compiler.h */ = {isa = PBXFileReference; lastKnownFileType = sourcecode.c.h; path = compiler.h; sourceTree = "<group>"; };
		E1735B3B1972C26C007B88FC /* tem.h */ = {isa = PBXFileReference; lastKnownFileType = sourcecode.c.h; path = tem.h; sourceTree = "<group>"; };
		E1735B3C1972C26C007B88FC /* sys.h */ = {isa = PBXFileReference; lastKnownFileType = sourcecode.c.h; path = sys.h; sourceTree = "<group>"; };
		E1735B3F1972C2AA007B88FC /* assert.c */ = {isa = PBXFileReference; fileEncoding = 4; lastKnownFileType = sourcecode.c.c; path = assert.c; sourceTree = "<group>"; };
		E1735B401972C2AA007B88FC /* log.c */ = {isa = PBXFileReference; fileEncoding = 4; lastKnownFileType = sourcecode.c.c; path = log.c; sourceTree = "<group>"; };
		E1735B421972C2AA007B88FC /* math.c */ = {isa = PBXFileReference; fileEncoding = 4; lastKnownFileType = sourcecode.c.c; path = math.c; sourceTree = "<group>"; };
		E1735B4D1972F247007B88FC /* KPSimpleAppDelegate.h */ = {isa = PBXFileReference; fileEncoding = 4; lastKnownFileType = sourcecode.c.h; path = KPSimpleAppDelegate.h; sourceTree = "<group>"; };
		E1735B4E1972F247007B88FC /* KPSimpleAppDelegate.m */ = {isa = PBXFileReference; fileEncoding = 4; lastKnownFileType = sourcecode.c.objc; path = KPSimpleAppDelegate.m; sourceTree = "<group>"; };
		E1735B4F1972F247007B88FC /* main.m */ = {isa = PBXFileReference; fileEncoding = 4; lastKnownFileType = sourcecode.c.objc; path = main.m; sourceTree = "<group>"; };
		E1735B541972F631007B88FC /* mach.c */ = {isa = PBXFileReference; fileEncoding = 4; lastKnownFileType = sourcecode.c.c; path = mach.c; sourceTree = "<group>"; };
		E1735B57197380F2007B88FC /* KPSimpleView.h */ = {isa = PBXFileReference; fileEncoding = 4; lastKnownFileType = sourcecode.c.h; path = KPSimpleView.h; sourceTree = "<group>"; };
		E1735B58197380F2007B88FC /* KPSimpleView.m */ = {isa = PBXFileReference; fileEncoding = 4; lastKnownFileType = sourcecode.c.objc; path = KPSimpleView.m; sourceTree = "<group>"; };
		E1735B5B19741293007B88FC /* render.h */ = {isa = PBXFileReference; lastKnownFileType = sourcecode.c.h; path = render.h; sourceTree = "<group>"; };
		E184ECF117848671007CDEF3 /* CoreText.framework */ = {isa = PBXFileReference; lastKnownFileType = wrapper.framework; name = CoreText.framework; path = Platforms/MacOSX.platform/Developer/SDKs/MacOSX10.8.sdk/System/Library/Frameworks/CoreText.framework; sourceTree = DEVELOPER_DIR; };
		E18DDFF8163D8F3A00869CF5 /* Cocoa.framework */ = {isa = PBXFileReference; lastKnownFileType = wrapper.framework; name = Cocoa.framework; path = System/Library/Frameworks/Cocoa.framework; sourceTree = SDKROOT; };
		E18DDFFB163D8F3B00869CF5 /* AppKit.framework */ = {isa = PBXFileReference; lastKnownFileType = wrapper.framework; name = AppKit.framework; path = System/Library/Frameworks/AppKit.framework; sourceTree = SDKROOT; };
		E18DDFFC163D8F3B00869CF5 /* CoreData.framework */ = {isa = PBXFileReference; lastKnownFileType = wrapper.framework; name = CoreData.framework; path = System/Library/Frameworks/CoreData.framework; sourceTree = SDKROOT; };
		E18DDFFD163D8F3B00869CF5 /* Foundation.framework */ = {isa = PBXFileReference; lastKnownFileType = wrapper.framework; name = Foundation.framework; path = System/Library/Frameworks/Foundation.framework; sourceTree = SDKROOT; };
		E18DE007163D8F5400869CF5 /* OpenGL.framework */ = {isa = PBXFileReference; lastKnownFileType = wrapper.framework; name = OpenGL.framework; path = Platforms/MacOSX.platform/Developer/SDKs/MacOSX10.8.sdk/System/Library/Frameworks/OpenGL.framework; sourceTree = DEVELOPER_DIR; };
		E1993175164E141500E8D9CB /* UIKit.framework */ = {isa = PBXFileReference; lastKnownFileType = wrapper.framework; name = UIKit.framework; path = Library/Frameworks/UIKit.framework; sourceTree = DEVELOPER_DIR; };
		E1993177164E141500E8D9CB /* Foundation.framework */ = {isa = PBXFileReference; lastKnownFileType = wrapper.framework; name = Foundation.framework; path = Library/Frameworks/Foundation.framework; sourceTree = DEVELOPER_DIR; };
		E1993179164E141500E8D9CB /* CoreGraphics.framework */ = {isa = PBXFileReference; lastKnownFileType = wrapper.framework; name = CoreGraphics.framework; path = Library/Frameworks/CoreGraphics.framework; sourceTree = DEVELOPER_DIR; };
		E199317B164E141500E8D9CB /* GLKit.framework */ = {isa = PBXFileReference; lastKnownFileType = wrapper.framework; name = GLKit.framework; path = Library/Frameworks/GLKit.framework; sourceTree = DEVELOPER_DIR; };
		E199317D164E141500E8D9CB /* OpenGLES.framework */ = {isa = PBXFileReference; lastKnownFileType = wrapper.framework; name = OpenGLES.framework; path = Library/Frameworks/OpenGLES.framework; sourceTree = DEVELOPER_DIR; };
		E19931A7164E144F00E8D9CB /* libkapusha.a */ = {isa = PBXFileReference; explicitFileType = archive.ar; includeInIndex = 0; path = libkapusha.a; sourceTree = BUILT_PRODUCTS_DIR; };
		E19931C8164E4F5800E8D9CB /* OpenGLES.framework */ = {isa = PBXFileReference; lastKnownFileType = wrapper.framework; name = OpenGLES.framework; path = Platforms/iPhoneOS.platform/Developer/SDKs/iPhoneOS6.0.sdk/System/Library/Frameworks/OpenGLES.framework; sourceTree = DEVELOPER_DIR; };
		E1BA039A1976BABE00ED0CAA /* gl.c */ = {isa = PBXFileReference; fileEncoding = 4; lastKnownFileType = sourcecode.c.c; path = gl.c; sourceTree = "<group>"; };
		E1DAB9BD19775DE2004718B4 /* fill.c */ = {isa = PBXFileReference; fileEncoding = 4; lastKnownFileType = sourcecode.c.c; path = fill.c; sourceTree = "<group>"; };
		E1DAB9CF197760C6004718B4 /* OpenGL.framework */ = {isa = PBXFileReference; lastKnownFileType = wrapper.framework; name = OpenGL.framework; path = System/Library/Frameworks/OpenGL.framework; sourceTree = SDKROOT; };
		E1DAB9D919776570004718B4 /* osx.test.simpleton.fill.app */ = {isa = PBXFileReference; explicitFileType = wrapper.application; includeInIndex = 0; path = osx.test.simpleton.fill.app; sourceTree = BUILT_PRODUCTS_DIR; };
		E1DAB9F419776571004718B4 /* XCTest.framework */ = {isa = PBXFileReference; lastKnownFileType = wrapper.framework; name = XCTest.framework; path = Library/Frameworks/XCTest.framework; sourceTree = DEVELOPER_DIR; };
		E1EB518917A9608700A76D62 /* CocoaViewportController.mm */ = {isa = PBXFileReference; fileEncoding = 4; lastKnownFileType = sourcecode.cpp.objcpp; path = CocoaViewportController.mm; sourceTree = "<group>"; };
		E1EB518A17A9608700A76D62 /* CocoaViewportController.h */ = {isa = PBXFileReference; fileEncoding = 4; lastKnownFileType = sourcecode.c.h; path = CocoaViewportController.h; sourceTree = "<group>"; };
		E1EB518E17A98CF000A76D62 /* KPView_private.h */ = {isa = PBXFileReference; lastKnownFileType = sourcecode.c.h; path = KPView_private.h; sourceTree = "<group>"; };
/* End PBXFileReference section */

/* Begin PBXFrameworksBuildPhase section */
		E131D4FC166201F400B0320A /* Frameworks */ = {
			isa = PBXFrameworksBuildPhase;
			buildActionMask = 2147483647;
			files = (
				E184ECF217848671007CDEF3 /* CoreText.framework in Frameworks */,
				E131D5051662034600B0320A /* OpenGL.framework in Frameworks */,
				E131D5041662033F00B0320A /* Cocoa.framework in Frameworks */,
			);
			runOnlyForDeploymentPostprocessing = 0;
		};
		E19931A4164E144F00E8D9CB /* Frameworks */ = {
			isa = PBXFrameworksBuildPhase;
			buildActionMask = 2147483647;
			files = (
				E19931C9164E4F5800E8D9CB /* OpenGLES.framework in Frameworks */,
				E19931A8164E144F00E8D9CB /* Foundation.framework in Frameworks */,
			);
			runOnlyForDeploymentPostprocessing = 0;
		};
		E1DAB9D619776570004718B4 /* Frameworks */ = {
			isa = PBXFrameworksBuildPhase;
			buildActionMask = 2147483647;
			files = (
				E1DABA0919776642004718B4 /* OpenGL.framework in Frameworks */,
				E1DABA081977663D004718B4 /* libkapusha.a in Frameworks */,
				E1DAB9DA19776570004718B4 /* Cocoa.framework in Frameworks */,
			);
			runOnlyForDeploymentPostprocessing = 0;
		};
/* End PBXFrameworksBuildPhase section */

/* Begin PBXGroup section */
		E1735B2A1972C23E007B88FC /* include */ = {
			isa = PBXGroup;
			children = (
				E1735B2B1972C26C007B88FC /* app */,
				E1735B321972C26C007B88FC /* core.h */,
				E1735B331972C26C007B88FC /* math */,
				E1735B351972C26C007B88FC /* math.h */,
				E1735B361972C26C007B88FC /* render */,
				E1735B5B19741293007B88FC /* render.h */,
				E1735B381972C26C007B88FC /* simpleton.h */,
				E1735B391972C26C007B88FC /* sys */,
				E1735B3C1972C26C007B88FC /* sys.h */,
			);
			name = include;
			path = include/kapusha;
			sourceTree = "<group>";
		};
		E1735B2B1972C26C007B88FC /* app */ = {
			isa = PBXGroup;
			children = (
				E1735B2C1972C26C007B88FC /* event.h */,
				E1735B2D1972C26C007B88FC /* input.h */,
				E1735B2E1972C26C007B88FC /* systems.h */,
			);
			path = app;
			sourceTree = "<group>";
		};
		E1735B331972C26C007B88FC /* math */ = {
			isa = PBXGroup;
			children = (
				E1735B341972C26C007B88FC /* types.h */,
			);
			path = math;
			sourceTree = "<group>";
		};
		E1735B361972C26C007B88FC /* render */ = {
			isa = PBXGroup;
			children = (
				E1735B371972C26C007B88FC /* context.h */,
			);
			path = render;
			sourceTree = "<group>";
		};
		E1735B391972C26C007B88FC /* sys */ = {
			isa = PBXGroup;
			children = (
				E1735B311972C26C007B88FC /* types.h */,
				E1735B3A1972C26C007B88FC /* compiler.h */,
				E1735B3B1972C26C007B88FC /* tem.h */,
			);
			path = sys;
			sourceTree = "<group>";
		};
		E1735B3D1972C283007B88FC /* src */ = {
			isa = PBXGroup;
			children = (
				E1BA03991976BA5E00ED0CAA /* render */,
				E1735B531972F619007B88FC /* sys */,
				E1735B4C1972C2E7007B88FC /* simpleton-osx */,
				E1735B3E1972C2AA007B88FC /* core */,
				E1735B411972C2AA007B88FC /* math */,
			);
			path = src;
			sourceTree = "<group>";
		};
		E1735B3E1972C2AA007B88FC /* core */ = {
			isa = PBXGroup;
			children = (
				E1735B3F1972C2AA007B88FC /* assert.c */,
				E1735B401972C2AA007B88FC /* log.c */,
			);
			path = core;
			sourceTree = "<group>";
		};
		E1735B411972C2AA007B88FC /* math */ = {
			isa = PBXGroup;
			children = (
				E1735B421972C2AA007B88FC /* math.c */,
			);
			path = math;
			sourceTree = "<group>";
		};
		E1735B4C1972C2E7007B88FC /* simpleton-osx */ = {
			isa = PBXGroup;
			children = (
				E1735B57197380F2007B88FC /* KPSimpleView.h */,
				E1735B58197380F2007B88FC /* KPSimpleView.m */,
				E1735B4D1972F247007B88FC /* KPSimpleAppDelegate.h */,
				E1735B4E1972F247007B88FC /* KPSimpleAppDelegate.m */,
				E1735B4F1972F247007B88FC /* main.m */,
			);
			name = "simpleton-osx";
			path = simpleton/osx;
			sourceTree = "<group>";
		};
		E1735B531972F619007B88FC /* sys */ = {
			isa = PBXGroup;
			children = (
				E1735B541972F631007B88FC /* mach.c */,
			);
			path = sys;
			sourceTree = "<group>";
		};
		E18DDFC7163D8ED100869CF5 = {
			isa = PBXGroup;
			children = (
				E1DAB9BB19775DB8004718B4 /* test */,
				E1735B2A1972C23E007B88FC /* include */,
				E1735B3D1972C283007B88FC /* src */,
				E1A77CFD165D5531009FF8F3 /* sys */,
				E18DDFF7163D8F3A00869CF5 /* Frameworks */,
				E18DDFF6163D8F3A00869CF5 /* Products */,
			);
			sourceTree = "<group>";
		};
		E18DDFF6163D8F3A00869CF5 /* Products */ = {
			isa = PBXGroup;
			children = (
				E19931A7164E144F00E8D9CB /* libkapusha.a */,
				E131D4FF166201F400B0320A /* libkapusha.a */,
				E1DAB9D919776570004718B4 /* osx.test.simpleton.fill.app */,
			);
			name = Products;
			sourceTree = "<group>";
		};
		E18DDFF7163D8F3A00869CF5 /* Frameworks */ = {
			isa = PBXGroup;
			children = (
				E1DAB9CF197760C6004718B4 /* OpenGL.framework */,
				E184ECF117848671007CDEF3 /* CoreText.framework */,
				E131D5031662033F00B0320A /* Cocoa.framework */,
				E19931C8164E4F5800E8D9CB /* OpenGLES.framework */,
				E18DE007163D8F5400869CF5 /* OpenGL.framework */,
				E18DDFF8163D8F3A00869CF5 /* Cocoa.framework */,
				E1993175164E141500E8D9CB /* UIKit.framework */,
				E1993177164E141500E8D9CB /* Foundation.framework */,
				E1993179164E141500E8D9CB /* CoreGraphics.framework */,
				E199317B164E141500E8D9CB /* GLKit.framework */,
				E199317D164E141500E8D9CB /* OpenGLES.framework */,
				E1DAB9F419776571004718B4 /* XCTest.framework */,
				E18DDFFA163D8F3A00869CF5 /* Other Frameworks */,
			);
			name = Frameworks;
			sourceTree = "<group>";
		};
		E18DDFFA163D8F3A00869CF5 /* Other Frameworks */ = {
			isa = PBXGroup;
			children = (
				E18DDFFB163D8F3B00869CF5 /* AppKit.framework */,
				E18DDFFC163D8F3B00869CF5 /* CoreData.framework */,
				E18DDFFD163D8F3B00869CF5 /* Foundation.framework */,
			);
			name = "Other Frameworks";
			sourceTree = "<group>";
		};
		E1A77CCB165D528A009FF8F3 /* osx */ = {
			isa = PBXGroup;
			children = (
				E167AACA1789E1890047DF38 /* CocoaGLContext.h */,
				E167AAC91789E1890047DF38 /* CocoaGLContext.mm */,
				E167AACE1789E22C0047DF38 /* CocoaKeys.h */,
				E167AACD1789E22C0047DF38 /* CocoaKeys.mm */,
				E167AAD21789E3BF0047DF38 /* CocoaPointers.h */,
				E1EB518A17A9608700A76D62 /* CocoaViewportController.h */,
				E1EB518917A9608700A76D62 /* CocoaViewportController.mm */,
				E14B5356165D59F300B55FEC /* KPView.h */,
				E14B5357165D59F300B55FEC /* KPView.mm */,
				E1EB518E17A98CF000A76D62 /* KPView_private.h */,
			);
			path = osx;
			sourceTree = "<group>";
		};
		E1A77CFD165D5531009FF8F3 /* sys */ = {
			isa = PBXGroup;
			children = (
				E1A77CCB165D528A009FF8F3 /* osx */,
			);
			name = sys;
			path = kapusha/sys;
			sourceTree = "<group>";
		};
		E1BA03991976BA5E00ED0CAA /* render */ = {
			isa = PBXGroup;
			children = (
				E1BA039A1976BABE00ED0CAA /* gl.c */,
			);
			path = render;
			sourceTree = "<group>";
		};
		E1DAB9BB19775DB8004718B4 /* test */ = {
			isa = PBXGroup;
			children = (
				E1DAB9BC19775DBD004718B4 /* simpleton */,
			);
			path = test;
			sourceTree = "<group>";
		};
		E1DAB9BC19775DBD004718B4 /* simpleton */ = {
			isa = PBXGroup;
			children = (
				E1DAB9BD19775DE2004718B4 /* fill.c */,
			);
			path = simpleton;
			sourceTree = "<group>";
		};
/* End PBXGroup section */

/* Begin PBXHeadersBuildPhase section */
		E131D4FD166201F400B0320A /* Headers */ = {
			isa = PBXHeadersBuildPhase;
			buildActionMask = 2147483647;
			files = (
				E167AACC1789E1890047DF38 /* CocoaGLContext.h in Headers */,
				E167AAD01789E22C0047DF38 /* CocoaKeys.h in Headers */,
				E167AAD41789E3BF0047DF38 /* CocoaPointers.h in Headers */,
				E1735B59197380F2007B88FC /* KPSimpleView.h in Headers */,
				E1EB518C17A9608700A76D62 /* CocoaViewportController.h in Headers */,
			);
			runOnlyForDeploymentPostprocessing = 0;
		};
/* End PBXHeadersBuildPhase section */

/* Begin PBXNativeTarget section */
		E131D4FE166201F400B0320A /* libkapusha_osx */ = {
			isa = PBXNativeTarget;
			buildConfigurationList = E131D500166201F400B0320A /* Build configuration list for PBXNativeTarget "libkapusha_osx" */;
			buildPhases = (
				E131D4FB166201F400B0320A /* Sources */,
				E131D4FC166201F400B0320A /* Frameworks */,
				E131D4FD166201F400B0320A /* Headers */,
			);
			buildRules = (
			);
			dependencies = (
			);
			name = libkapusha_osx;
			productName = kapusha;
			productReference = E131D4FF166201F400B0320A /* libkapusha.a */;
			productType = "com.apple.product-type.library.static";
		};
		E19931A6164E144F00E8D9CB /* libkapusha_ios */ = {
			isa = PBXNativeTarget;
			buildConfigurationList = E19931B0164E144F00E8D9CB /* Build configuration list for PBXNativeTarget "libkapusha_ios" */;
			buildPhases = (
				E19931A3164E144F00E8D9CB /* Sources */,
				E19931A4164E144F00E8D9CB /* Frameworks */,
				E19931A5164E144F00E8D9CB /* CopyFiles */,
			);
			buildRules = (
			);
			dependencies = (
			);
			name = libkapusha_ios;
			productName = kapusha;
			productReference = E19931A7164E144F00E8D9CB /* libkapusha.a */;
			productType = "com.apple.product-type.library.static";
		};
		E1DAB9D819776570004718B4 /* osx.test.simpleton.fill */ = {
			isa = PBXNativeTarget;
			buildConfigurationList = E1DABA0119776571004718B4 /* Build configuration list for PBXNativeTarget "osx.test.simpleton.fill" */;
			buildPhases = (
				E1DAB9D519776570004718B4 /* Sources */,
				E1DAB9D619776570004718B4 /* Frameworks */,
				E1DAB9D719776570004718B4 /* Resources */,
			);
			buildRules = (
			);
			dependencies = (
				E1DABA0B19776679004718B4 /* PBXTargetDependency */,
			);
			name = osx.test.simpleton.fill;
			productName = simpleton.fill;
			productReference = E1DAB9D919776570004718B4 /* osx.test.simpleton.fill.app */;
			productType = "com.apple.product-type.application";
		};
/* End PBXNativeTarget section */

/* Begin PBXProject section */
		E18DDFC9163D8ED100869CF5 /* Project object */ = {
			isa = PBXProject;
			attributes = {
				LastUpgradeCheck = 0510;
			};
			buildConfigurationList = E18DDFCC163D8ED100869CF5 /* Build configuration list for PBXProject "Kapusha" */;
			compatibilityVersion = "Xcode 3.2";
			developmentRegion = English;
			hasScannedForEncodings = 0;
			knownRegions = (
				en,
				Base,
			);
			mainGroup = E18DDFC7163D8ED100869CF5;
			productRefGroup = E18DDFF6163D8F3A00869CF5 /* Products */;
			projectDirPath = "";
			projectRoot = "";
			targets = (
				E19931A6164E144F00E8D9CB /* libkapusha_ios */,
				E131D4FE166201F400B0320A /* libkapusha_osx */,
				E1DAB9D819776570004718B4 /* osx.test.simpleton.fill */,
			);
		};
/* End PBXProject section */

/* Begin PBXResourcesBuildPhase section */
		E1DAB9D719776570004718B4 /* Resources */ = {
			isa = PBXResourcesBuildPhase;
			buildActionMask = 2147483647;
			files = (
			);
			runOnlyForDeploymentPostprocessing = 0;
		};
/* End PBXResourcesBuildPhase section */

/* Begin PBXSourcesBuildPhase section */
		E131D4FB166201F400B0320A /* Sources */ = {
			isa = PBXSourcesBuildPhase;
			buildActionMask = 2147483647;
			files = (
				E1BA039C1976BABE00ED0CAA /* gl.c in Sources */,
				E1735B561972F631007B88FC /* mach.c in Sources */,
				E1735B471972C2AA007B88FC /* log.c in Sources */,
				E1735B5A197380F2007B88FC /* KPSimpleView.m in Sources */,
				E1735B451972C2AA007B88FC /* assert.c in Sources */,
				E1735B491972C2AA007B88FC /* math.c in Sources */,
				E1735B521972F247007B88FC /* main.m in Sources */,
				E1DAB9BF19775DE2004718B4 /* fill.c in Sources */,
				E1735B511972F247007B88FC /* KPSimpleAppDelegate.m in Sources */,
			);
			runOnlyForDeploymentPostprocessing = 0;
		};
		E19931A3164E144F00E8D9CB /* Sources */ = {
			isa = PBXSourcesBuildPhase;
			buildActionMask = 2147483647;
			files = (
				E1735B551972F631007B88FC /* mach.c in Sources */,
				E1735B461972C2AA007B88FC /* log.c in Sources */,
				E1735B481972C2AA007B88FC /* math.c in Sources */,
				E1735B441972C2AA007B88FC /* assert.c in Sources */,
				E1DAB9BE19775DE2004718B4 /* fill.c in Sources */,
				E1BA039B1976BABE00ED0CAA /* gl.c in Sources */,
			);
			runOnlyForDeploymentPostprocessing = 0;
		};
		E1DAB9D519776570004718B4 /* Sources */ = {
			isa = PBXSourcesBuildPhase;
			buildActionMask = 2147483647;
			files = (
				E1DABA0719776636004718B4 /* fill.c in Sources */,
			);
			runOnlyForDeploymentPostprocessing = 0;
		};
/* End PBXSourcesBuildPhase section */

/* Begin PBXTargetDependency section */
		E1DABA0B19776679004718B4 /* PBXTargetDependency */ = {
			isa = PBXTargetDependency;
			target = E131D4FE166201F400B0320A /* libkapusha_osx */;
			targetProxy = E1DABA0A19776679004718B4 /* PBXContainerItemProxy */;
		};
/* End PBXTargetDependency section */

/* Begin XCBuildConfiguration section */
		E131D501166201F400B0320A /* Debug */ = {
			isa = XCBuildConfiguration;
			buildSettings = {
				ALWAYS_SEARCH_USER_PATHS = NO;
				CLANG_CXX_LANGUAGE_STANDARD = "gnu++0x";
				CLANG_CXX_LIBRARY = "libc++";
				CLANG_WARN_EMPTY_BODY = YES;
				CLANG_WARN__DUPLICATE_METHOD_MATCH = YES;
				COMBINE_HIDPI_IMAGES = YES;
				COPY_PHASE_STRIP = NO;
				EXECUTABLE_PREFIX = lib;
				GCC_C_LANGUAGE_STANDARD = gnu99;
				GCC_DYNAMIC_NO_PIC = NO;
				GCC_ENABLE_CPP_EXCEPTIONS = NO;
				GCC_ENABLE_CPP_RTTI = NO;
				GCC_ENABLE_OBJC_EXCEPTIONS = NO;
				GCC_OPTIMIZATION_LEVEL = 0;
				GCC_PREPROCESSOR_DEFINITIONS = (
					"DEBUG=1",
					"$(inherited)",
				);
				GCC_SYMBOLS_PRIVATE_EXTERN = NO;
				GCC_TREAT_WARNINGS_AS_ERRORS = YES;
				GCC_WARN_64_TO_32_BIT_CONVERSION = YES;
				GCC_WARN_ABOUT_RETURN_TYPE = YES;
				GCC_WARN_UNINITIALIZED_AUTOS = YES;
				GCC_WARN_UNUSED_VARIABLE = YES;
				MACOSX_DEPLOYMENT_TARGET = 10.8;
				ONLY_ACTIVE_ARCH = YES;
				PRODUCT_NAME = kapusha;
				SDKROOT = macosx;
				SKIP_INSTALL = YES;
			};
			name = Debug;
		};
		E131D502166201F400B0320A /* Release */ = {
			isa = XCBuildConfiguration;
			buildSettings = {
				ALWAYS_SEARCH_USER_PATHS = NO;
				CLANG_CXX_LANGUAGE_STANDARD = "gnu++0x";
				CLANG_CXX_LIBRARY = "libc++";
				CLANG_WARN_EMPTY_BODY = YES;
				CLANG_WARN__DUPLICATE_METHOD_MATCH = YES;
				COMBINE_HIDPI_IMAGES = YES;
				COPY_PHASE_STRIP = YES;
				DEBUG_INFORMATION_FORMAT = "dwarf-with-dsym";
				EXECUTABLE_PREFIX = lib;
				GCC_C_LANGUAGE_STANDARD = gnu99;
				GCC_ENABLE_CPP_EXCEPTIONS = NO;
				GCC_ENABLE_CPP_RTTI = NO;
				GCC_ENABLE_OBJC_EXCEPTIONS = NO;
				GCC_TREAT_WARNINGS_AS_ERRORS = YES;
				GCC_WARN_64_TO_32_BIT_CONVERSION = YES;
				GCC_WARN_ABOUT_RETURN_TYPE = YES;
				GCC_WARN_UNINITIALIZED_AUTOS = YES;
				GCC_WARN_UNUSED_VARIABLE = YES;
				MACOSX_DEPLOYMENT_TARGET = 10.8;
				PRODUCT_NAME = kapusha;
				SDKROOT = macosx;
				SKIP_INSTALL = YES;
			};
			name = Release;
		};
		E18DDFCE163D8ED100869CF5 /* Debug */ = {
			isa = XCBuildConfiguration;
			buildSettings = {
				GCC_PREPROCESSOR_DEFINITIONS = (
					"KP_OS_POSIX=1",
					"KP_DEBUG=1",
					"KP_OS_MACH=1",
				);
				HEADERMAP_INCLUDES_FLAT_ENTRIES_FOR_TARGET_BEING_BUILT = NO;
				HEADER_SEARCH_PATHS = "$(PROJECT_DIR)/include";
				ONLY_ACTIVE_ARCH = YES;
				PRECOMPS_INCLUDE_HEADERS_FROM_BUILT_PRODUCTS_DIR = NO;
			};
			name = Debug;
		};
		E18DDFCF163D8ED100869CF5 /* Release */ = {
			isa = XCBuildConfiguration;
			buildSettings = {
				GCC_PREPROCESSOR_DEFINITIONS = (
					"KP_OS_POSIX=1",
					"KP_OS_MACH=1",
				);
				HEADERMAP_INCLUDES_FLAT_ENTRIES_FOR_TARGET_BEING_BUILT = NO;
				HEADER_SEARCH_PATHS = "$(PROJECT_DIR)/include";
				PRECOMPS_INCLUDE_HEADERS_FROM_BUILT_PRODUCTS_DIR = NO;
			};
			name = Release;
		};
		E19931B1164E144F00E8D9CB /* Debug */ = {
			isa = XCBuildConfiguration;
			buildSettings = {
				ALWAYS_SEARCH_USER_PATHS = NO;
				CLANG_CXX_LANGUAGE_STANDARD = "gnu++0x";
				CLANG_CXX_LIBRARY = "libc++";
				CLANG_WARN_EMPTY_BODY = YES;
				CLANG_WARN__DUPLICATE_METHOD_MATCH = YES;
				COPY_PHASE_STRIP = NO;
				DSTROOT = /tmp/kapusha.dst;
				FRAMEWORK_SEARCH_PATHS = (
					"$(inherited)",
					"\"$(SYSTEM_APPS_DIR)/Xcode.app/Contents/Developer/Library/Frameworks\"",
				);
				GCC_C_LANGUAGE_STANDARD = gnu99;
				GCC_DYNAMIC_NO_PIC = NO;
				GCC_OPTIMIZATION_LEVEL = 0;
				GCC_PREPROCESSOR_DEFINITIONS = (
					"DEBUG=1",
					"$(inherited)",
				);
				GCC_SYMBOLS_PRIVATE_EXTERN = NO;
				GCC_TREAT_WARNINGS_AS_ERRORS = YES;
				GCC_WARN_ABOUT_RETURN_TYPE = YES;
				GCC_WARN_PEDANTIC = YES;
				GCC_WARN_UNINITIALIZED_AUTOS = YES;
				GCC_WARN_UNUSED_VARIABLE = YES;
				IPHONEOS_DEPLOYMENT_TARGET = 6.0;
				ONLY_ACTIVE_ARCH = YES;
				OTHER_LDFLAGS = "-ObjC";
				PRODUCT_NAME = kapusha;
				SDKROOT = iphoneos;
				SKIP_INSTALL = YES;
			};
			name = Debug;
		};
		E19931B2164E144F00E8D9CB /* Release */ = {
			isa = XCBuildConfiguration;
			buildSettings = {
				ALWAYS_SEARCH_USER_PATHS = NO;
				CLANG_CXX_LANGUAGE_STANDARD = "gnu++0x";
				CLANG_CXX_LIBRARY = "libc++";
				CLANG_WARN_EMPTY_BODY = YES;
				CLANG_WARN__DUPLICATE_METHOD_MATCH = YES;
				COPY_PHASE_STRIP = YES;
				DSTROOT = /tmp/kapusha.dst;
				FRAMEWORK_SEARCH_PATHS = (
					"$(inherited)",
					"\"$(SYSTEM_APPS_DIR)/Xcode.app/Contents/Developer/Library/Frameworks\"",
				);
				GCC_C_LANGUAGE_STANDARD = gnu99;
				GCC_TREAT_WARNINGS_AS_ERRORS = YES;
				GCC_WARN_ABOUT_RETURN_TYPE = YES;
				GCC_WARN_PEDANTIC = YES;
				GCC_WARN_UNINITIALIZED_AUTOS = YES;
				GCC_WARN_UNUSED_VARIABLE = YES;
				IPHONEOS_DEPLOYMENT_TARGET = 6.0;
				OTHER_LDFLAGS = "-ObjC";
				PRODUCT_NAME = kapusha;
				SDKROOT = iphoneos;
				SKIP_INSTALL = YES;
				VALIDATE_PRODUCT = YES;
			};
			name = Release;
		};
		E1DABA0219776571004718B4 /* Debug */ = {
			isa = XCBuildConfiguration;
			buildSettings = {
				ALWAYS_SEARCH_USER_PATHS = NO;
				CLANG_CXX_LANGUAGE_STANDARD = "gnu++0x";
				CLANG_CXX_LIBRARY = "libc++";
				CLANG_ENABLE_MODULES = YES;
				CLANG_ENABLE_OBJC_ARC = YES;
				CLANG_WARN_BOOL_CONVERSION = YES;
				CLANG_WARN_CONSTANT_CONVERSION = YES;
				CLANG_WARN_DIRECT_OBJC_ISA_USAGE = YES_ERROR;
				CLANG_WARN_EMPTY_BODY = YES;
				CLANG_WARN_ENUM_CONVERSION = YES;
				CLANG_WARN_INT_CONVERSION = YES;
				CLANG_WARN_OBJC_ROOT_CLASS = YES_ERROR;
				CLANG_WARN__DUPLICATE_METHOD_MATCH = YES;
				COMBINE_HIDPI_IMAGES = YES;
				COPY_PHASE_STRIP = NO;
				FRAMEWORK_SEARCH_PATHS = (
					"$(inherited)",
					"$(DEVELOPER_DIR)/Platforms/MacOSX.platform/Developer/SDKs/MacOSX10.8.sdk/System/Library/Frameworks",
				);
				GCC_C_LANGUAGE_STANDARD = gnu99;
				GCC_DYNAMIC_NO_PIC = NO;
				GCC_ENABLE_OBJC_EXCEPTIONS = YES;
				GCC_OPTIMIZATION_LEVEL = 0;
				GCC_PRECOMPILE_PREFIX_HEADER = YES;
				GCC_PREPROCESSOR_DEFINITIONS = (
					"DEBUG=1",
					"$(inherited)",
				);
				GCC_SYMBOLS_PRIVATE_EXTERN = NO;
				GCC_WARN_64_TO_32_BIT_CONVERSION = YES;
				GCC_WARN_ABOUT_RETURN_TYPE = YES_ERROR;
				GCC_WARN_UNDECLARED_SELECTOR = YES;
				GCC_WARN_UNINITIALIZED_AUTOS = YES_AGGRESSIVE;
				GCC_WARN_UNUSED_FUNCTION = YES;
				GCC_WARN_UNUSED_VARIABLE = YES;
				INFOPLIST_FILE = "src/simpleton/osx/simpleton-Info.plist";
				MACOSX_DEPLOYMENT_TARGET = 10.9;
				PRODUCT_NAME = "$(TARGET_NAME)";
				SDKROOT = macosx;
				WRAPPER_EXTENSION = app;
			};
			name = Debug;
		};
		E1DABA0319776571004718B4 /* Release */ = {
			isa = XCBuildConfiguration;
			buildSettings = {
				ALWAYS_SEARCH_USER_PATHS = NO;
				CLANG_CXX_LANGUAGE_STANDARD = "gnu++0x";
				CLANG_CXX_LIBRARY = "libc++";
				CLANG_ENABLE_MODULES = YES;
				CLANG_ENABLE_OBJC_ARC = YES;
				CLANG_WARN_BOOL_CONVERSION = YES;
				CLANG_WARN_CONSTANT_CONVERSION = YES;
				CLANG_WARN_DIRECT_OBJC_ISA_USAGE = YES_ERROR;
				CLANG_WARN_EMPTY_BODY = YES;
				CLANG_WARN_ENUM_CONVERSION = YES;
				CLANG_WARN_INT_CONVERSION = YES;
				CLANG_WARN_OBJC_ROOT_CLASS = YES_ERROR;
				CLANG_WARN__DUPLICATE_METHOD_MATCH = YES;
				COMBINE_HIDPI_IMAGES = YES;
				COPY_PHASE_STRIP = YES;
				DEBUG_INFORMATION_FORMAT = "dwarf-with-dsym";
				ENABLE_NS_ASSERTIONS = NO;
				FRAMEWORK_SEARCH_PATHS = (
					"$(inherited)",
					"$(DEVELOPER_DIR)/Platforms/MacOSX.platform/Developer/SDKs/MacOSX10.8.sdk/System/Library/Frameworks",
				);
				GCC_C_LANGUAGE_STANDARD = gnu99;
				GCC_ENABLE_OBJC_EXCEPTIONS = YES;
				GCC_PRECOMPILE_PREFIX_HEADER = YES;
				GCC_WARN_64_TO_32_BIT_CONVERSION = YES;
				GCC_WARN_ABOUT_RETURN_TYPE = YES_ERROR;
				GCC_WARN_UNDECLARED_SELECTOR = YES;
				GCC_WARN_UNINITIALIZED_AUTOS = YES_AGGRESSIVE;
				GCC_WARN_UNUSED_FUNCTION = YES;
				GCC_WARN_UNUSED_VARIABLE = YES;
				INFOPLIST_FILE = "src/simpleton/osx/simpleton-Info.plist";
				MACOSX_DEPLOYMENT_TARGET = 10.9;
				PRODUCT_NAME = "$(TARGET_NAME)";
				SDKROOT = macosx;
				WRAPPER_EXTENSION = app;
			};
			name = Release;
		};
/* End XCBuildConfiguration section */

/* Begin XCConfigurationList section */
		E131D500166201F400B0320A /* Build configuration list for PBXNativeTarget "libkapusha_osx" */ = {
			isa = XCConfigurationList;
			buildConfigurations = (
				E131D501166201F400B0320A /* Debug */,
				E131D502166201F400B0320A /* Release */,
			);
			defaultConfigurationIsVisible = 0;
			defaultConfigurationName = Release;
		};
		E18DDFCC163D8ED100869CF5 /* Build configuration list for PBXProject "Kapusha" */ = {
			isa = XCConfigurationList;
			buildConfigurations = (
				E18DDFCE163D8ED100869CF5 /* Debug */,
				E18DDFCF163D8ED100869CF5 /* Release */,
			);
			defaultConfigurationIsVisible = 0;
			defaultConfigurationName = Release;
		};
		E19931B0164E144F00E8D9CB /* Build configuration list for PBXNativeTarget "libkapusha_ios" */ = {
			isa = XCConfigurationList;
			buildConfigurations = (
				E19931B1164E144F00E8D9CB /* Debug */,
				E19931B2164E144F00E8D9CB /* Release */,
			);
			defaultConfigurationIsVisible = 0;
			defaultConfigurationName = Release;
		};
		E1DABA0119776571004718B4 /* Build configuration list for PBXNativeTarget "osx.test.simpleton.fill" */ = {
			isa = XCConfigurationList;
			buildConfigurations = (
				E1DABA0219776571004718B4 /* Debug */,
				E1DABA0319776571004718B4 /* Release */,
			);
			defaultConfigurationIsVisible = 0;
		};
/* End XCConfigurationList section */
	};
	rootObject = E18DDFC9163D8ED100869CF5 /* Project object */;
}
